// !$*UTF8*$!
{
	archiveVersion = 1;
	classes = {
	};
	objectVersion = 50;
	objects = {

/* Begin PBXBuildFile section */
		551A6FAC24D2575D0071245A /* RefreshControl.swift in Sources */ = {isa = PBXBuildFile; fileRef = 551A6FAB24D2575D0071245A /* RefreshControl.swift */; };
		551C490A24CC690E007C7C03 /* AppDelegate.swift in Sources */ = {isa = PBXBuildFile; fileRef = 551C490924CC690E007C7C03 /* AppDelegate.swift */; };
		551C490C24CC690E007C7C03 /* SceneDelegate.swift in Sources */ = {isa = PBXBuildFile; fileRef = 551C490B24CC690E007C7C03 /* SceneDelegate.swift */; };
		551C490E24CC690E007C7C03 /* __ContentView.swift in Sources */ = {isa = PBXBuildFile; fileRef = 551C490D24CC690E007C7C03 /* __ContentView.swift */; };
		551C491024CC6918007C7C03 /* Assets.xcassets in Resources */ = {isa = PBXBuildFile; fileRef = 551C490F24CC6918007C7C03 /* Assets.xcassets */; };
		551C491324CC6918007C7C03 /* Preview Assets.xcassets in Resources */ = {isa = PBXBuildFile; fileRef = 551C491224CC6918007C7C03 /* Preview Assets.xcassets */; };
		551C491624CC6918007C7C03 /* LaunchScreen.storyboard in Resources */ = {isa = PBXBuildFile; fileRef = 551C491424CC6918007C7C03 /* LaunchScreen.storyboard */; };
		551C492C24CC691A007C7C03 /* SwiftUI_Pull_to_RefreshUITests.swift in Sources */ = {isa = PBXBuildFile; fileRef = 551C492B24CC691A007C7C03 /* SwiftUI_Pull_to_RefreshUITests.swift */; };
		551C493B24CC69D4007C7C03 /* README.md in Resources */ = {isa = PBXBuildFile; fileRef = 551C493924CC69D4007C7C03 /* README.md */; };
		551C493C24CC69D4007C7C03 /* .swiftlint.yml in Resources */ = {isa = PBXBuildFile; fileRef = 551C493A24CC69D4007C7C03 /* .swiftlint.yml */; };
		5529E98526F4FBCE00CFA9C7 /* ScrollViewMatcher.swift in Sources */ = {isa = PBXBuildFile; fileRef = 5529E98426F4FBCE00CFA9C7 /* ScrollViewMatcher.swift */; };
		55BDEC4F24CCF92400225C07 /* __RefreshControl.swift in Sources */ = {isa = PBXBuildFile; fileRef = 55BDEC4E24CCF92400225C07 /* __RefreshControl.swift */; };
		55F2D60F24D1032500E3BDDF /* ContentView.swift in Sources */ = {isa = PBXBuildFile; fileRef = 55F2D60E24D1032500E3BDDF /* ContentView.swift */; };
		55F2D61224D106CF00E3BDDF /* ScrollViewResolver.swift in Sources */ = {isa = PBXBuildFile; fileRef = 55F2D61124D106CF00E3BDDF /* ScrollViewResolver.swift */; };
		55F2D61424D111FD00E3BDDF /* ViewControllerResolver.swift in Sources */ = {isa = PBXBuildFile; fileRef = 55F2D61324D111FD00E3BDDF /* ViewControllerResolver.swift */; };
		55FD8E6F24CE55260057D91E /* XCTestCase+Extensions.swift in Sources */ = {isa = PBXBuildFile; fileRef = 55FD8E6E24CE55260057D91E /* XCTestCase+Extensions.swift */; };
/* End PBXBuildFile section */

/* Begin PBXContainerItemProxy section */
		551C492824CC691A007C7C03 /* PBXContainerItemProxy */ = {
			isa = PBXContainerItemProxy;
			containerPortal = 551C48FE24CC690D007C7C03 /* Project object */;
			proxyType = 1;
			remoteGlobalIDString = 551C490524CC690E007C7C03;
			remoteInfo = SwiftUI_Pull_to_Refresh;
		};
/* End PBXContainerItemProxy section */

/* Begin PBXFileReference section */
		551A6FAB24D2575D0071245A /* RefreshControl.swift */ = {isa = PBXFileReference; lastKnownFileType = sourcecode.swift; path = RefreshControl.swift; sourceTree = "<group>"; };
		551C490624CC690E007C7C03 /* SwiftUI_Pull_to_Refresh.app */ = {isa = PBXFileReference; explicitFileType = wrapper.application; includeInIndex = 0; path = SwiftUI_Pull_to_Refresh.app; sourceTree = BUILT_PRODUCTS_DIR; };
		551C490924CC690E007C7C03 /* AppDelegate.swift */ = {isa = PBXFileReference; lastKnownFileType = sourcecode.swift; path = AppDelegate.swift; sourceTree = "<group>"; };
		551C490B24CC690E007C7C03 /* SceneDelegate.swift */ = {isa = PBXFileReference; lastKnownFileType = sourcecode.swift; path = SceneDelegate.swift; sourceTree = "<group>"; };
		551C490D24CC690E007C7C03 /* __ContentView.swift */ = {isa = PBXFileReference; lastKnownFileType = sourcecode.swift; path = __ContentView.swift; sourceTree = "<group>"; };
		551C490F24CC6918007C7C03 /* Assets.xcassets */ = {isa = PBXFileReference; lastKnownFileType = folder.assetcatalog; path = Assets.xcassets; sourceTree = "<group>"; };
		551C491224CC6918007C7C03 /* Preview Assets.xcassets */ = {isa = PBXFileReference; lastKnownFileType = folder.assetcatalog; path = "Preview Assets.xcassets"; sourceTree = "<group>"; };
		551C491524CC6918007C7C03 /* Base */ = {isa = PBXFileReference; lastKnownFileType = file.storyboard; name = Base; path = Base.lproj/LaunchScreen.storyboard; sourceTree = "<group>"; };
		551C491724CC6918007C7C03 /* Info.plist */ = {isa = PBXFileReference; lastKnownFileType = text.plist.xml; path = Info.plist; sourceTree = "<group>"; };
		551C492724CC691A007C7C03 /* SwiftUI_Pull_to_RefreshUITests.xctest */ = {isa = PBXFileReference; explicitFileType = wrapper.cfbundle; includeInIndex = 0; path = SwiftUI_Pull_to_RefreshUITests.xctest; sourceTree = BUILT_PRODUCTS_DIR; };
		551C492B24CC691A007C7C03 /* SwiftUI_Pull_to_RefreshUITests.swift */ = {isa = PBXFileReference; lastKnownFileType = sourcecode.swift; path = SwiftUI_Pull_to_RefreshUITests.swift; sourceTree = "<group>"; };
		551C492D24CC691A007C7C03 /* Info.plist */ = {isa = PBXFileReference; lastKnownFileType = text.plist.xml; path = Info.plist; sourceTree = "<group>"; };
		551C493924CC69D4007C7C03 /* README.md */ = {isa = PBXFileReference; fileEncoding = 4; lastKnownFileType = net.daringfireball.markdown; path = README.md; sourceTree = "<group>"; };
		551C493A24CC69D4007C7C03 /* .swiftlint.yml */ = {isa = PBXFileReference; fileEncoding = 4; lastKnownFileType = text.yaml; path = .swiftlint.yml; sourceTree = "<group>"; };
		5529E98426F4FBCE00CFA9C7 /* ScrollViewMatcher.swift */ = {isa = PBXFileReference; lastKnownFileType = sourcecode.swift; path = ScrollViewMatcher.swift; sourceTree = "<group>"; };
		55BDEC4E24CCF92400225C07 /* __RefreshControl.swift */ = {isa = PBXFileReference; lastKnownFileType = sourcecode.swift; path = __RefreshControl.swift; sourceTree = "<group>"; };
		55F2D60E24D1032500E3BDDF /* ContentView.swift */ = {isa = PBXFileReference; lastKnownFileType = sourcecode.swift; path = ContentView.swift; sourceTree = "<group>"; };
		55F2D61124D106CF00E3BDDF /* ScrollViewResolver.swift */ = {isa = PBXFileReference; lastKnownFileType = sourcecode.swift; path = ScrollViewResolver.swift; sourceTree = "<group>"; };
		55F2D61324D111FD00E3BDDF /* ViewControllerResolver.swift */ = {isa = PBXFileReference; lastKnownFileType = sourcecode.swift; path = ViewControllerResolver.swift; sourceTree = "<group>"; };
		55FD8E6E24CE55260057D91E /* XCTestCase+Extensions.swift */ = {isa = PBXFileReference; lastKnownFileType = sourcecode.swift; path = "XCTestCase+Extensions.swift"; sourceTree = "<group>"; };
/* End PBXFileReference section */

/* Begin PBXFrameworksBuildPhase section */
		551C490324CC690E007C7C03 /* Frameworks */ = {
			isa = PBXFrameworksBuildPhase;
			buildActionMask = 2147483647;
			files = (
			);
			runOnlyForDeploymentPostprocessing = 0;
		};
		551C492424CC6919007C7C03 /* Frameworks */ = {
			isa = PBXFrameworksBuildPhase;
			buildActionMask = 2147483647;
			files = (
			);
			runOnlyForDeploymentPostprocessing = 0;
		};
/* End PBXFrameworksBuildPhase section */

/* Begin PBXGroup section */
		551C48FD24CC690D007C7C03 = {
			isa = PBXGroup;
			children = (
				551C493A24CC69D4007C7C03 /* .swiftlint.yml */,
				551C493924CC69D4007C7C03 /* README.md */,
				551C490824CC690E007C7C03 /* SwiftUI_Pull_to_Refresh */,
				551C492A24CC691A007C7C03 /* SwiftUI_Pull_to_RefreshUITests */,
				551C490724CC690E007C7C03 /* Products */,
			);
			sourceTree = "<group>";
		};
		551C490724CC690E007C7C03 /* Products */ = {
			isa = PBXGroup;
			children = (
				551C490624CC690E007C7C03 /* SwiftUI_Pull_to_Refresh.app */,
				551C492724CC691A007C7C03 /* SwiftUI_Pull_to_RefreshUITests.xctest */,
			);
			name = Products;
			sourceTree = "<group>";
		};
		551C490824CC690E007C7C03 /* SwiftUI_Pull_to_Refresh */ = {
			isa = PBXGroup;
			children = (
				55F2D61024D1033B00E3BDDF /* Views */,
				55BDEC5024CD07E100225C07 /* __Views */,
				551C490924CC690E007C7C03 /* AppDelegate.swift */,
				551C490B24CC690E007C7C03 /* SceneDelegate.swift */,
				551C490F24CC6918007C7C03 /* Assets.xcassets */,
				551C491424CC6918007C7C03 /* LaunchScreen.storyboard */,
				551C491724CC6918007C7C03 /* Info.plist */,
				551C491124CC6918007C7C03 /* Preview Content */,
			);
			path = SwiftUI_Pull_to_Refresh;
			sourceTree = "<group>";
		};
		551C491124CC6918007C7C03 /* Preview Content */ = {
			isa = PBXGroup;
			children = (
				551C491224CC6918007C7C03 /* Preview Assets.xcassets */,
			);
			path = "Preview Content";
			sourceTree = "<group>";
		};
		551C492A24CC691A007C7C03 /* SwiftUI_Pull_to_RefreshUITests */ = {
			isa = PBXGroup;
			children = (
				551C492B24CC691A007C7C03 /* SwiftUI_Pull_to_RefreshUITests.swift */,
				551C492D24CC691A007C7C03 /* Info.plist */,
				55FD8E6E24CE55260057D91E /* XCTestCase+Extensions.swift */,
			);
			path = SwiftUI_Pull_to_RefreshUITests;
			sourceTree = "<group>";
		};
		55BDEC5024CD07E100225C07 /* __Views */ = {
			isa = PBXGroup;
			children = (
				551C490D24CC690E007C7C03 /* __ContentView.swift */,
				55BDEC4E24CCF92400225C07 /* __RefreshControl.swift */,
			);
			path = __Views;
			sourceTree = "<group>";
		};
		55F2D61024D1033B00E3BDDF /* Views */ = {
			isa = PBXGroup;
			children = (
				55F2D60E24D1032500E3BDDF /* ContentView.swift */,
				5529E98426F4FBCE00CFA9C7 /* ScrollViewMatcher.swift */,
				55F2D61124D106CF00E3BDDF /* ScrollViewResolver.swift */,
				551A6FAB24D2575D0071245A /* RefreshControl.swift */,
				55F2D61324D111FD00E3BDDF /* ViewControllerResolver.swift */,
			);
			path = Views;
			sourceTree = "<group>";
		};
/* End PBXGroup section */

/* Begin PBXNativeTarget section */
		551C490524CC690E007C7C03 /* SwiftUI_Pull_to_Refresh */ = {
			isa = PBXNativeTarget;
			buildConfigurationList = 551C493024CC691A007C7C03 /* Build configuration list for PBXNativeTarget "SwiftUI_Pull_to_Refresh" */;
			buildPhases = (
				551C490224CC690E007C7C03 /* Sources */,
				551C490324CC690E007C7C03 /* Frameworks */,
				551C490424CC690E007C7C03 /* Resources */,
				551C493D24CC69EC007C7C03 /* ShellScript */,
			);
			buildRules = (
			);
			dependencies = (
			);
			name = SwiftUI_Pull_to_Refresh;
			productName = SwiftUI_Pull_to_Refresh;
			productReference = 551C490624CC690E007C7C03 /* SwiftUI_Pull_to_Refresh.app */;
			productType = "com.apple.product-type.application";
		};
		551C492624CC6919007C7C03 /* SwiftUI_Pull_to_RefreshUITests */ = {
			isa = PBXNativeTarget;
			buildConfigurationList = 551C493624CC691A007C7C03 /* Build configuration list for PBXNativeTarget "SwiftUI_Pull_to_RefreshUITests" */;
			buildPhases = (
				551C492324CC6919007C7C03 /* Sources */,
				551C492424CC6919007C7C03 /* Frameworks */,
				551C492524CC6919007C7C03 /* Resources */,
			);
			buildRules = (
			);
			dependencies = (
				551C492924CC691A007C7C03 /* PBXTargetDependency */,
			);
			name = SwiftUI_Pull_to_RefreshUITests;
			productName = SwiftUI_Pull_to_RefreshUITests;
			productReference = 551C492724CC691A007C7C03 /* SwiftUI_Pull_to_RefreshUITests.xctest */;
			productType = "com.apple.product-type.bundle.ui-testing";
		};
/* End PBXNativeTarget section */

/* Begin PBXProject section */
		551C48FE24CC690D007C7C03 /* Project object */ = {
			isa = PBXProject;
			attributes = {
				LastSwiftUpdateCheck = 1200;
				LastUpgradeCheck = 1200;
				TargetAttributes = {
					551C490524CC690E007C7C03 = {
						CreatedOnToolsVersion = 12.0;
					};
					551C492624CC6919007C7C03 = {
						CreatedOnToolsVersion = 12.0;
						TestTargetID = 551C490524CC690E007C7C03;
					};
				};
			};
			buildConfigurationList = 551C490124CC690D007C7C03 /* Build configuration list for PBXProject "SwiftUI_Pull_to_Refresh" */;
			compatibilityVersion = "Xcode 9.3";
			developmentRegion = en;
			hasScannedForEncodings = 0;
			knownRegions = (
				en,
				Base,
			);
			mainGroup = 551C48FD24CC690D007C7C03;
			productRefGroup = 551C490724CC690E007C7C03 /* Products */;
			projectDirPath = "";
			projectRoot = "";
			targets = (
				551C490524CC690E007C7C03 /* SwiftUI_Pull_to_Refresh */,
				551C492624CC6919007C7C03 /* SwiftUI_Pull_to_RefreshUITests */,
			);
		};
/* End PBXProject section */

/* Begin PBXResourcesBuildPhase section */
		551C490424CC690E007C7C03 /* Resources */ = {
			isa = PBXResourcesBuildPhase;
			buildActionMask = 2147483647;
			files = (
				551C493C24CC69D4007C7C03 /* .swiftlint.yml in Resources */,
				551C491624CC6918007C7C03 /* LaunchScreen.storyboard in Resources */,
				551C491324CC6918007C7C03 /* Preview Assets.xcassets in Resources */,
				551C493B24CC69D4007C7C03 /* README.md in Resources */,
				551C491024CC6918007C7C03 /* Assets.xcassets in Resources */,
			);
			runOnlyForDeploymentPostprocessing = 0;
		};
		551C492524CC6919007C7C03 /* Resources */ = {
			isa = PBXResourcesBuildPhase;
			buildActionMask = 2147483647;
			files = (
			);
			runOnlyForDeploymentPostprocessing = 0;
		};
/* End PBXResourcesBuildPhase section */

/* Begin PBXShellScriptBuildPhase section */
		551C493D24CC69EC007C7C03 /* ShellScript */ = {
			isa = PBXShellScriptBuildPhase;
			buildActionMask = 2147483647;
			files = (
			);
			inputFileListPaths = (
			);
			inputPaths = (
			);
			outputFileListPaths = (
			);
			outputPaths = (
			);
			runOnlyForDeploymentPostprocessing = 0;
			shellPath = /bin/sh;
			shellScript = "if which swiftlint >/dev/null; then\n  swiftlint\nelse\n  echo \"warning: SwiftLint not installed, download from https://github.com/realm/SwiftLint\"\nfi\n";
		};
/* End PBXShellScriptBuildPhase section */

/* Begin PBXSourcesBuildPhase section */
		551C490224CC690E007C7C03 /* Sources */ = {
			isa = PBXSourcesBuildPhase;
			buildActionMask = 2147483647;
			files = (
				551C490A24CC690E007C7C03 /* AppDelegate.swift in Sources */,
				55F2D60F24D1032500E3BDDF /* ContentView.swift in Sources */,
				55BDEC4F24CCF92400225C07 /* __RefreshControl.swift in Sources */,
				55F2D61224D106CF00E3BDDF /* ScrollViewResolver.swift in Sources */,
				551C490C24CC690E007C7C03 /* SceneDelegate.swift in Sources */,
				5529E98526F4FBCE00CFA9C7 /* ScrollViewMatcher.swift in Sources */,
				551C490E24CC690E007C7C03 /* __ContentView.swift in Sources */,
				55F2D61424D111FD00E3BDDF /* ViewControllerResolver.swift in Sources */,
				551A6FAC24D2575D0071245A /* RefreshControl.swift in Sources */,
			);
			runOnlyForDeploymentPostprocessing = 0;
		};
		551C492324CC6919007C7C03 /* Sources */ = {
			isa = PBXSourcesBuildPhase;
			buildActionMask = 2147483647;
			files = (
				55FD8E6F24CE55260057D91E /* XCTestCase+Extensions.swift in Sources */,
				551C492C24CC691A007C7C03 /* SwiftUI_Pull_to_RefreshUITests.swift in Sources */,
			);
			runOnlyForDeploymentPostprocessing = 0;
		};
/* End PBXSourcesBuildPhase section */

/* Begin PBXTargetDependency section */
		551C492924CC691A007C7C03 /* PBXTargetDependency */ = {
			isa = PBXTargetDependency;
			target = 551C490524CC690E007C7C03 /* SwiftUI_Pull_to_Refresh */;
			targetProxy = 551C492824CC691A007C7C03 /* PBXContainerItemProxy */;
		};
/* End PBXTargetDependency section */

/* Begin PBXVariantGroup section */
		551C491424CC6918007C7C03 /* LaunchScreen.storyboard */ = {
			isa = PBXVariantGroup;
			children = (
				551C491524CC6918007C7C03 /* Base */,
			);
			name = LaunchScreen.storyboard;
			sourceTree = "<group>";
		};
/* End PBXVariantGroup section */

/* Begin XCBuildConfiguration section */
		551C492E24CC691A007C7C03 /* Debug */ = {
			isa = XCBuildConfiguration;
			buildSettings = {
				ALWAYS_SEARCH_USER_PATHS = NO;
				CLANG_ANALYZER_NONNULL = YES;
				CLANG_ANALYZER_NUMBER_OBJECT_CONVERSION = YES_AGGRESSIVE;
				CLANG_CXX_LANGUAGE_STANDARD = "gnu++14";
				CLANG_CXX_LIBRARY = "libc++";
				CLANG_ENABLE_MODULES = YES;
				CLANG_ENABLE_OBJC_ARC = YES;
				CLANG_ENABLE_OBJC_WEAK = YES;
				CLANG_WARN_BLOCK_CAPTURE_AUTORELEASING = YES;
				CLANG_WARN_BOOL_CONVERSION = YES;
				CLANG_WARN_COMMA = YES;
				CLANG_WARN_CONSTANT_CONVERSION = YES;
				CLANG_WARN_DEPRECATED_OBJC_IMPLEMENTATIONS = YES;
				CLANG_WARN_DIRECT_OBJC_ISA_USAGE = YES_ERROR;
				CLANG_WARN_DOCUMENTATION_COMMENTS = YES;
				CLANG_WARN_EMPTY_BODY = YES;
				CLANG_WARN_ENUM_CONVERSION = YES;
				CLANG_WARN_INFINITE_RECURSION = YES;
				CLANG_WARN_INT_CONVERSION = YES;
				CLANG_WARN_NON_LITERAL_NULL_CONVERSION = YES;
				CLANG_WARN_OBJC_IMPLICIT_RETAIN_SELF = YES;
				CLANG_WARN_OBJC_LITERAL_CONVERSION = YES;
				CLANG_WARN_OBJC_ROOT_CLASS = YES_ERROR;
				CLANG_WARN_QUOTED_INCLUDE_IN_FRAMEWORK_HEADER = YES;
				CLANG_WARN_RANGE_LOOP_ANALYSIS = YES;
				CLANG_WARN_STRICT_PROTOTYPES = YES;
				CLANG_WARN_SUSPICIOUS_MOVE = YES;
				CLANG_WARN_UNGUARDED_AVAILABILITY = YES_AGGRESSIVE;
				CLANG_WARN_UNREACHABLE_CODE = YES;
				CLANG_WARN__DUPLICATE_METHOD_MATCH = YES;
				COPY_PHASE_STRIP = NO;
				DEBUG_INFORMATION_FORMAT = dwarf;
				ENABLE_STRICT_OBJC_MSGSEND = YES;
				ENABLE_TESTABILITY = YES;
				GCC_C_LANGUAGE_STANDARD = gnu11;
				GCC_DYNAMIC_NO_PIC = NO;
				GCC_NO_COMMON_BLOCKS = YES;
				GCC_OPTIMIZATION_LEVEL = 0;
				GCC_PREPROCESSOR_DEFINITIONS = (
					"DEBUG=1",
					"$(inherited)",
				);
				GCC_WARN_64_TO_32_BIT_CONVERSION = YES;
				GCC_WARN_ABOUT_RETURN_TYPE = YES_ERROR;
				GCC_WARN_UNDECLARED_SELECTOR = YES;
				GCC_WARN_UNINITIALIZED_AUTOS = YES_AGGRESSIVE;
				GCC_WARN_UNUSED_FUNCTION = YES;
				GCC_WARN_UNUSED_VARIABLE = YES;
				IPHONEOS_DEPLOYMENT_TARGET = 14.0;
				MTL_ENABLE_DEBUG_INFO = INCLUDE_SOURCE;
				MTL_FAST_MATH = YES;
				ONLY_ACTIVE_ARCH = YES;
				SDKROOT = iphoneos;
				SWIFT_ACTIVE_COMPILATION_CONDITIONS = DEBUG;
				SWIFT_OPTIMIZATION_LEVEL = "-Onone";
			};
			name = Debug;
		};
		551C492F24CC691A007C7C03 /* Release */ = {
			isa = XCBuildConfiguration;
			buildSettings = {
				ALWAYS_SEARCH_USER_PATHS = NO;
				CLANG_ANALYZER_NONNULL = YES;
				CLANG_ANALYZER_NUMBER_OBJECT_CONVERSION = YES_AGGRESSIVE;
				CLANG_CXX_LANGUAGE_STANDARD = "gnu++14";
				CLANG_CXX_LIBRARY = "libc++";
				CLANG_ENABLE_MODULES = YES;
				CLANG_ENABLE_OBJC_ARC = YES;
				CLANG_ENABLE_OBJC_WEAK = YES;
				CLANG_WARN_BLOCK_CAPTURE_AUTORELEASING = YES;
				CLANG_WARN_BOOL_CONVERSION = YES;
				CLANG_WARN_COMMA = YES;
				CLANG_WARN_CONSTANT_CONVERSION = YES;
				CLANG_WARN_DEPRECATED_OBJC_IMPLEMENTATIONS = YES;
				CLANG_WARN_DIRECT_OBJC_ISA_USAGE = YES_ERROR;
				CLANG_WARN_DOCUMENTATION_COMMENTS = YES;
				CLANG_WARN_EMPTY_BODY = YES;
				CLANG_WARN_ENUM_CONVERSION = YES;
				CLANG_WARN_INFINITE_RECURSION = YES;
				CLANG_WARN_INT_CONVERSION = YES;
				CLANG_WARN_NON_LITERAL_NULL_CONVERSION = YES;
				CLANG_WARN_OBJC_IMPLICIT_RETAIN_SELF = YES;
				CLANG_WARN_OBJC_LITERAL_CONVERSION = YES;
				CLANG_WARN_OBJC_ROOT_CLASS = YES_ERROR;
				CLANG_WARN_QUOTED_INCLUDE_IN_FRAMEWORK_HEADER = YES;
				CLANG_WARN_RANGE_LOOP_ANALYSIS = YES;
				CLANG_WARN_STRICT_PROTOTYPES = YES;
				CLANG_WARN_SUSPICIOUS_MOVE = YES;
				CLANG_WARN_UNGUARDED_AVAILABILITY = YES_AGGRESSIVE;
				CLANG_WARN_UNREACHABLE_CODE = YES;
				CLANG_WARN__DUPLICATE_METHOD_MATCH = YES;
				COPY_PHASE_STRIP = NO;
				DEBUG_INFORMATION_FORMAT = "dwarf-with-dsym";
				ENABLE_NS_ASSERTIONS = NO;
				ENABLE_STRICT_OBJC_MSGSEND = YES;
				GCC_C_LANGUAGE_STANDARD = gnu11;
				GCC_NO_COMMON_BLOCKS = YES;
				GCC_WARN_64_TO_32_BIT_CONVERSION = YES;
				GCC_WARN_ABOUT_RETURN_TYPE = YES_ERROR;
				GCC_WARN_UNDECLARED_SELECTOR = YES;
				GCC_WARN_UNINITIALIZED_AUTOS = YES_AGGRESSIVE;
				GCC_WARN_UNUSED_FUNCTION = YES;
				GCC_WARN_UNUSED_VARIABLE = YES;
				IPHONEOS_DEPLOYMENT_TARGET = 14.0;
				MTL_ENABLE_DEBUG_INFO = NO;
				MTL_FAST_MATH = YES;
				SDKROOT = iphoneos;
				SWIFT_COMPILATION_MODE = wholemodule;
				SWIFT_OPTIMIZATION_LEVEL = "-O";
				VALIDATE_PRODUCT = YES;
			};
			name = Release;
		};
		551C493124CC691A007C7C03 /* Debug */ = {
			isa = XCBuildConfiguration;
			buildSettings = {
				ASSETCATALOG_COMPILER_APPICON_NAME = AppIcon;
				ASSETCATALOG_COMPILER_GLOBAL_ACCENT_COLOR_NAME = AccentColor;
				CODE_SIGN_STYLE = Automatic;
				DEVELOPMENT_ASSET_PATHS = "\"SwiftUI_Pull_to_Refresh/Preview Content\"";
				DEVELOPMENT_TEAM = NG36MJV4JP;
				ENABLE_PREVIEWS = YES;
				INFOPLIST_FILE = SwiftUI_Pull_to_Refresh/Info.plist;
				LD_RUNPATH_SEARCH_PATHS = (
					"$(inherited)",
					"@executable_path/Frameworks",
				);
				PRODUCT_BUNDLE_IDENTIFIER = "com.eppz.SwiftUI-Pull-to-Refresh";
				PRODUCT_NAME = "$(TARGET_NAME)";
				SWIFT_VERSION = 5.0;
				TARGETED_DEVICE_FAMILY = "1,2";
			};
			name = Debug;
		};
		551C493224CC691A007C7C03 /* Release */ = {
			isa = XCBuildConfiguration;
			buildSettings = {
				ASSETCATALOG_COMPILER_APPICON_NAME = AppIcon;
				ASSETCATALOG_COMPILER_GLOBAL_ACCENT_COLOR_NAME = AccentColor;
				CODE_SIGN_STYLE = Automatic;
				DEVELOPMENT_ASSET_PATHS = "\"SwiftUI_Pull_to_Refresh/Preview Content\"";
				DEVELOPMENT_TEAM = NG36MJV4JP;
				ENABLE_PREVIEWS = YES;
				INFOPLIST_FILE = SwiftUI_Pull_to_Refresh/Info.plist;
				LD_RUNPATH_SEARCH_PATHS = (
					"$(inherited)",
					"@executable_path/Frameworks",
				);
				PRODUCT_BUNDLE_IDENTIFIER = "com.eppz.SwiftUI-Pull-to-Refresh";
				PRODUCT_NAME = "$(TARGET_NAME)";
				SWIFT_VERSION = 5.0;
				TARGETED_DEVICE_FAMILY = "1,2";
			};
			name = Release;
		};
		551C493724CC691A007C7C03 /* Debug */ = {
			isa = XCBuildConfiguration;
			buildSettings = {
				ALWAYS_EMBED_SWIFT_STANDARD_LIBRARIES = YES;
				CODE_SIGN_STYLE = Automatic;
				DEVELOPMENT_TEAM = NG36MJV4JP;
				INFOPLIST_FILE = SwiftUI_Pull_to_RefreshUITests/Info.plist;
				LD_RUNPATH_SEARCH_PATHS = (
					"$(inherited)",
					"@executable_path/Frameworks",
					"@loader_path/Frameworks",
				);
				PRODUCT_BUNDLE_IDENTIFIER = "com.eppz.SwiftUI-Pull-to-RefreshUITests";
				PRODUCT_NAME = "$(TARGET_NAME)";
				SWIFT_VERSION = 5.0;
				TARGETED_DEVICE_FAMILY = "1,2";
				TEST_TARGET_NAME = SwiftUI_Pull_to_Refresh;
			};
			name = Debug;
		};
		551C493824CC691A007C7C03 /* Release */ = {
			isa = XCBuildConfiguration;
			buildSettings = {
				ALWAYS_EMBED_SWIFT_STANDARD_LIBRARIES = YES;
				CODE_SIGN_STYLE = Automatic;
				DEVELOPMENT_TEAM = NG36MJV4JP;
				INFOPLIST_FILE = SwiftUI_Pull_to_RefreshUITests/Info.plist;
				LD_RUNPATH_SEARCH_PATHS = (
					"$(inherited)",
					"@executable_path/Frameworks",
					"@loader_path/Frameworks",
				);
				PRODUCT_BUNDLE_IDENTIFIER = "com.eppz.SwiftUI-Pull-to-RefreshUITests";
				PRODUCT_NAME = "$(TARGET_NAME)";
				SWIFT_VERSION = 5.0;
				TARGETED_DEVICE_FAMILY = "1,2";
				TEST_TARGET_NAME = SwiftUI_Pull_to_Refresh;
			};
			name = Release;
		};
/* End XCBuildConfiguration section */

/* Begin XCConfigurationList section */
		551C490124CC690D007C7C03 /* Build configuration list for PBXProject "SwiftUI_Pull_to_Refresh" */ = {
			isa = XCConfigurationList;
			buildConfigurations = (
				551C492E24CC691A007C7C03 /* Debug */,
				551C492F24CC691A007C7C03 /* Release */,
			);
			defaultConfigurationIsVisible = 0;
			defaultConfigurationName = Release;
		};
		551C493024CC691A007C7C03 /* Build configuration list for PBXNativeTarget "SwiftUI_Pull_to_Refresh" */ = {
			isa = XCConfigurationList;
			buildConfigurations = (
				551C493124CC691A007C7C03 /* Debug */,
				551C493224CC691A007C7C03 /* Release */,
			);
			defaultConfigurationIsVisible = 0;
			defaultConfigurationName = Release;
		};
		551C493624CC691A007C7C03 /* Build configuration list for PBXNativeTarget "SwiftUI_Pull_to_RefreshUITests" */ = {
			isa = XCConfigurationList;
			buildConfigurations = (
				551C493724CC691A007C7C03 /* Debug */,
				551C493824CC691A007C7C03 /* Release */,
			);
			defaultConfigurationIsVisible = 0;
			defaultConfigurationName = Release;
		};
/* End XCConfigurationList section */
	};
	rootObject = 551C48FE24CC690D007C7C03 /* Project object */;
}
