// !$*UTF8*$!
{
	archiveVersion = 1;
	classes = {
	};
	objectVersion = 52;
	objects = {

/* Begin PBXBuildFile section */
		551C490A24CC690E007C7C03 /* AppDelegate.swift in Sources */ = {isa = PBXBuildFile; fileRef = 551C490924CC690E007C7C03 /* AppDelegate.swift */; };
		551C490C24CC690E007C7C03 /* SceneDelegate.swift in Sources */ = {isa = PBXBuildFile; fileRef = 551C490B24CC690E007C7C03 /* SceneDelegate.swift */; };
		551C491024CC6918007C7C03 /* Assets.xcassets in Resources */ = {isa = PBXBuildFile; fileRef = 551C490F24CC6918007C7C03 /* Assets.xcassets */; };
		551C491324CC6918007C7C03 /* Preview Assets.xcassets in Resources */ = {isa = PBXBuildFile; fileRef = 551C491224CC6918007C7C03 /* Preview Assets.xcassets */; };
		551C491624CC6918007C7C03 /* LaunchScreen.storyboard in Resources */ = {isa = PBXBuildFile; fileRef = 551C491424CC6918007C7C03 /* LaunchScreen.storyboard */; };
		551C492C24CC691A007C7C03 /* SwiftUI_Pull_to_RefreshUITests.swift in Sources */ = {isa = PBXBuildFile; fileRef = 551C492B24CC691A007C7C03 /* SwiftUI_Pull_to_RefreshUITests.swift */; };
		551C493B24CC69D4007C7C03 /* README.md in Resources */ = {isa = PBXBuildFile; fileRef = 551C493924CC69D4007C7C03 /* README.md */; };
		551C493C24CC69D4007C7C03 /* .swiftlint.yml in Resources */ = {isa = PBXBuildFile; fileRef = 551C493A24CC69D4007C7C03 /* .swiftlint.yml */; };
		5529E99326F64A3900CFA9C7 /* .editorconfig in Resources */ = {isa = PBXBuildFile; fileRef = 5529E99226F64A3900CFA9C7 /* .editorconfig */; };
		552AFE2B27E3DF4C002F18F2 /* CitiesView.swift in Sources */ = {isa = PBXBuildFile; fileRef = 55F2D60E24D1032500E3BDDF /* CitiesView.swift */; };
		552AFE2C27E3DF4C002F18F2 /* CityViewModel.swift in Sources */ = {isa = PBXBuildFile; fileRef = 55E82F2F26FA272E003E8B68 /* CityViewModel.swift */; };
		552AFE2D27E3DF4C002F18F2 /* ForecastView.swift in Sources */ = {isa = PBXBuildFile; fileRef = 55A7E26426F800340077936F /* ForecastView.swift */; };
		552AFE2E27E3DF4C002F18F2 /* CityView.swift in Sources */ = {isa = PBXBuildFile; fileRef = 55E82F2D26F9E32E003E8B68 /* CityView.swift */; };
		552AFE3D27E3E6F4002F18F2 /* Lato-Thin.ttf in Resources */ = {isa = PBXBuildFile; fileRef = 552AFE3227E3E6F4002F18F2 /* Lato-Thin.ttf */; };
		552AFE3E27E3E6F4002F18F2 /* Lato-Bold.ttf in Resources */ = {isa = PBXBuildFile; fileRef = 552AFE3327E3E6F4002F18F2 /* Lato-Bold.ttf */; };
		552AFE3F27E3E6F4002F18F2 /* Lato-Black.ttf in Resources */ = {isa = PBXBuildFile; fileRef = 552AFE3427E3E6F4002F18F2 /* Lato-Black.ttf */; };
		552AFE4027E3E6F4002F18F2 /* Lato-Regular.ttf in Resources */ = {isa = PBXBuildFile; fileRef = 552AFE3527E3E6F4002F18F2 /* Lato-Regular.ttf */; };
		552AFE4427E3E6F4002F18F2 /* Lato-Light.ttf in Resources */ = {isa = PBXBuildFile; fileRef = 552AFE3927E3E6F4002F18F2 /* Lato-Light.ttf */; };
		553EBF5A27E3F4FE00C1B40D /* Withable.swift in Sources */ = {isa = PBXBuildFile; fileRef = 553EBF5927E3F4FD00C1B40D /* Withable.swift */; };
		553EBF5D27E3F5B900C1B40D /* UI.swift in Sources */ = {isa = PBXBuildFile; fileRef = 553EBF5C27E3F5B900C1B40D /* UI.swift */; };
		553EBF5F27E41A6100C1B40D /* ForecastViewModel.swift in Sources */ = {isa = PBXBuildFile; fileRef = 553EBF5E27E41A6000C1B40D /* ForecastViewModel.swift */; };
		554B9BFF27E7997D009F65BD /* WeatherListRowView.swift in Sources */ = {isa = PBXBuildFile; fileRef = 554B9BFE27E7997C009F65BD /* WeatherListRowView.swift */; };
		5550DC0327E7464600CC998B /* CitiesViewModel.swift in Sources */ = {isa = PBXBuildFile; fileRef = 5550DC0227E7464600CC998B /* CitiesViewModel.swift */; };
		55573BDD27EA4D5700B130CC /* San Francisco.json in Resources */ = {isa = PBXBuildFile; fileRef = 55573BD827EA46EE00B130CC /* San Francisco.json */; };
		55573BDE27EA4D5700B130CC /* Paris.json in Resources */ = {isa = PBXBuildFile; fileRef = 55573BDB27EA4ADE00B130CC /* Paris.json */; };
		55573BDF27EA4D5700B130CC /* London.json in Resources */ = {isa = PBXBuildFile; fileRef = 55573BDC27EA4CA900B130CC /* London.json */; };
		55573BE027EA4D5700B130CC /* New York.json in Resources */ = {isa = PBXBuildFile; fileRef = 55573BD927EA4A1A00B130CC /* New York.json */; };
		55573BE227EA4E4500B130CC /* OpenWeather+Mocks.swift in Sources */ = {isa = PBXBuildFile; fileRef = 55573BE127EA4E4500B130CC /* OpenWeather+Mocks.swift */; };
		55573BE627EA536F00B130CC /* WeatherList.swift in Sources */ = {isa = PBXBuildFile; fileRef = 55573BE527EA536F00B130CC /* WeatherList.swift */; };
		55573BE827EA53D500B130CC /* WeatherListViewModel.swift in Sources */ = {isa = PBXBuildFile; fileRef = 55573BE727EA53D500B130CC /* WeatherListViewModel.swift */; };
		55573BF027EA72EE00B130CC /* TemperatureBarView.swift in Sources */ = {isa = PBXBuildFile; fileRef = 55573BEF27EA72ED00B130CC /* TemperatureBarView.swift */; };
		55679B3B27DEB65000A0800B /* StaticRefreshControlView.swift in Sources */ = {isa = PBXBuildFile; fileRef = 55679B3A27DEB65000A0800B /* StaticRefreshControlView.swift */; };
		55679B3E27DEB6A900A0800B /* RefreshControlTargetView.swift in Sources */ = {isa = PBXBuildFile; fileRef = 55679B3D27DEB6A900A0800B /* RefreshControlTargetView.swift */; };
		55679B4027DEBBA900A0800B /* RefreshControlClosureView.swift in Sources */ = {isa = PBXBuildFile; fileRef = 55679B3F27DEBBA900A0800B /* RefreshControlClosureView.swift */; };
		55679B4227DEC21A00A0800B /* RefreshControlExtensionView.swift in Sources */ = {isa = PBXBuildFile; fileRef = 55679B4127DEC21A00A0800B /* RefreshControlExtensionView.swift */; };
		55679B4427DEC88900A0800B /* ScrollViewExtensionView.swift in Sources */ = {isa = PBXBuildFile; fileRef = 55679B4327DEC88900A0800B /* ScrollViewExtensionView.swift */; };
		55679B4627DECAAD00A0800B /* Network.swift in Sources */ = {isa = PBXBuildFile; fileRef = 55679B4527DECAAD00A0800B /* Network.swift */; };
		55679B4827DECE6700A0800B /* OnRefreshModifier.swift in Sources */ = {isa = PBXBuildFile; fileRef = 55679B4727DECE6700A0800B /* OnRefreshModifier.swift */; };
		55679B4A27DECEB500A0800B /* ClosureBasedModifierView.swift in Sources */ = {isa = PBXBuildFile; fileRef = 55679B4927DECEB500A0800B /* ClosureBasedModifierView.swift */; };
		557CD31427E7F98D00608335 /* View+BackgroundBlur.swift in Sources */ = {isa = PBXBuildFile; fileRef = 557CD31327E7F98D00608335 /* View+BackgroundBlur.swift */; };
		55837E2C27E9F4D0009AC069 /* View+Introspect.swift in Sources */ = {isa = PBXBuildFile; fileRef = 55837E2B27E9F4D0009AC069 /* View+Introspect.swift */; };
		5583A93C27E0D46400DF9BDF /* AsyncAwaitModifierView.swift in Sources */ = {isa = PBXBuildFile; fileRef = 5583A93B27E0D46400DF9BDF /* AsyncAwaitModifierView.swift */; };
		5583A95827E1175900DF9BDF /* RefreshableModifier.swift in Sources */ = {isa = PBXBuildFile; fileRef = 5583A95727E1175800DF9BDF /* RefreshableModifier.swift */; };
		558C556227E49AE00014D52B /* HeaderView.swift in Sources */ = {isa = PBXBuildFile; fileRef = 558C556127E49AE00014D52B /* HeaderView.swift */; };
		559BF2A627E62BCC0029B89E /* TransparentTabView.swift in Sources */ = {isa = PBXBuildFile; fileRef = 559BF2A527E62BCC0029B89E /* TransparentTabView.swift */; };
		559BF2A827E637BB0029B89E /* MarqueeView.swift in Sources */ = {isa = PBXBuildFile; fileRef = 55B81CB927E37C4500025A4E /* MarqueeView.swift */; };
		55A227CB27E6584900DBBBB3 /* TemperatureView.swift in Sources */ = {isa = PBXBuildFile; fileRef = 55A227CA27E6584900DBBBB3 /* TemperatureView.swift */; };
		55A227CD27E6589600DBBBB3 /* TitleView.swift in Sources */ = {isa = PBXBuildFile; fileRef = 55A227CC27E6589600DBBBB3 /* TitleView.swift */; };
		55A227D027E658D200DBBBB3 /* AttributesView.swift in Sources */ = {isa = PBXBuildFile; fileRef = 55A227CF27E658D200DBBBB3 /* AttributesView.swift */; };
		55A227D227E6590200DBBBB3 /* AttributeView.swift in Sources */ = {isa = PBXBuildFile; fileRef = 55A227D127E6590200DBBBB3 /* AttributeView.swift */; };
		55A227D827E663C600DBBBB3 /* AppHostingController.swift in Sources */ = {isa = PBXBuildFile; fileRef = 55A227D727E663C600DBBBB3 /* AppHostingController.swift */; };
		55A227DA27E6739100DBBBB3 /* SummaryView.swift in Sources */ = {isa = PBXBuildFile; fileRef = 55A227D927E6739100DBBBB3 /* SummaryView.swift */; };
		55A7E23526F7DFCE0077936F /* AlphaVantage.h in Headers */ = {isa = PBXBuildFile; fileRef = 55A7E23326F7DFCE0077936F /* AlphaVantage.h */; settings = {ATTRIBUTES = (Public, ); }; };
		55A7E23E26F7DFD70077936F /* API.swift in Sources */ = {isa = PBXBuildFile; fileRef = 5529E99526F682FA00CFA9C7 /* API.swift */; };
		55A7E23F26F7DFD70077936F /* IntradayTimeSeries.swift in Sources */ = {isa = PBXBuildFile; fileRef = 5529E99726F6866E00CFA9C7 /* IntradayTimeSeries.swift */; };
		55A7E24C26F7E1710077936F /* OpenWeather.h in Headers */ = {isa = PBXBuildFile; fileRef = 55A7E24A26F7E1710077936F /* OpenWeather.h */; settings = {ATTRIBUTES = (Public, ); }; };
		55A7E24F26F7E1710077936F /* OpenWeather.framework in Frameworks */ = {isa = PBXBuildFile; fileRef = 55A7E24826F7E1710077936F /* OpenWeather.framework */; };
		55A7E25026F7E1710077936F /* OpenWeather.framework in Embed Frameworks */ = {isa = PBXBuildFile; fileRef = 55A7E24826F7E1710077936F /* OpenWeather.framework */; settings = {ATTRIBUTES = (CodeSignOnCopy, RemoveHeadersOnCopy, ); }; };
		55A7E25526F7E1810077936F /* API.swift in Sources */ = {isa = PBXBuildFile; fileRef = 55A7E25426F7E1810077936F /* API.swift */; };
		55A7E25726F7E3AD0077936F /* Location.swift in Sources */ = {isa = PBXBuildFile; fileRef = 55A7E25626F7E3AD0077936F /* Location.swift */; };
		55A7E25B26F7E87B0077936F /* HourlyForecast.swift in Sources */ = {isa = PBXBuildFile; fileRef = 55A7E25A26F7E87B0077936F /* HourlyForecast.swift */; };
		55A7E25D26F7ED0A0077936F /* HourlyForecast+Preview.swift in Sources */ = {isa = PBXBuildFile; fileRef = 55A7E25C26F7ED0A0077936F /* HourlyForecast+Preview.swift */; };
		55A7E25F26F7ED5B0077936F /* Bundle+Extensions.swift in Sources */ = {isa = PBXBuildFile; fileRef = 55A7E25E26F7ED5B0077936F /* Bundle+Extensions.swift */; };
		55A7E26126F7EF600077936F /* HourlyForecast.json in Resources */ = {isa = PBXBuildFile; fileRef = 55A7E25926F7E85C0077936F /* HourlyForecast.json */; };
		55B756BD27E5458C00FA7BA6 /* PaddingView.swift in Sources */ = {isa = PBXBuildFile; fileRef = 55B756BC27E5458C00FA7BA6 /* PaddingView.swift */; };
		55D6299B27DD38B70043188D /* Introspect in Frameworks */ = {isa = PBXBuildFile; productRef = 55D6299A27DD38B70043188D /* Introspect */; };
		55D6299D27DD39070043188D /* IntrospectView.swift in Sources */ = {isa = PBXBuildFile; fileRef = 55D6299C27DD39070043188D /* IntrospectView.swift */; };
		55E82F3226FA336C003E8B68 /* CHANGELOG.md in Resources */ = {isa = PBXBuildFile; fileRef = 55E82F3126FA336C003E8B68 /* CHANGELOG.md */; };
		55EF270D27E7A2DD00705D1F /* OpenWeather+Extensions.swift in Sources */ = {isa = PBXBuildFile; fileRef = 55EF270C27E7A2DD00705D1F /* OpenWeather+Extensions.swift */; };
		55F542C827E88ACF003733E5 /* FitTextView.swift in Sources */ = {isa = PBXBuildFile; fileRef = 55F542C727E88ACF003733E5 /* FitTextView.swift */; };
		55FD8E6F24CE55260057D91E /* XCTestCase+Extensions.swift in Sources */ = {isa = PBXBuildFile; fileRef = 55FD8E6E24CE55260057D91E /* XCTestCase+Extensions.swift */; };
/* End PBXBuildFile section */

/* Begin PBXContainerItemProxy section */
		551C492824CC691A007C7C03 /* PBXContainerItemProxy */ = {
			isa = PBXContainerItemProxy;
			containerPortal = 551C48FE24CC690D007C7C03 /* Project object */;
			proxyType = 1;
			remoteGlobalIDString = 551C490524CC690E007C7C03;
			remoteInfo = SwiftUI_Pull_to_Refresh;
		};
		55A7E24D26F7E1710077936F /* PBXContainerItemProxy */ = {
			isa = PBXContainerItemProxy;
			containerPortal = 551C48FE24CC690D007C7C03 /* Project object */;
			proxyType = 1;
			remoteGlobalIDString = 55A7E24726F7E1710077936F;
			remoteInfo = OpenWeather;
		};
/* End PBXContainerItemProxy section */

/* Begin PBXCopyFilesBuildPhase section */
		55A7E23A26F7DFCE0077936F /* Embed Frameworks */ = {
			isa = PBXCopyFilesBuildPhase;
			buildActionMask = 2147483647;
			dstPath = "";
			dstSubfolderSpec = 10;
			files = (
				55A7E25026F7E1710077936F /* OpenWeather.framework in Embed Frameworks */,
			);
			name = "Embed Frameworks";
			runOnlyForDeploymentPostprocessing = 0;
		};
/* End PBXCopyFilesBuildPhase section */

/* Begin PBXFileReference section */
		551C490624CC690E007C7C03 /* SwiftUI_Pull_to_Refresh.app */ = {isa = PBXFileReference; explicitFileType = wrapper.application; includeInIndex = 0; path = SwiftUI_Pull_to_Refresh.app; sourceTree = BUILT_PRODUCTS_DIR; };
		551C490924CC690E007C7C03 /* AppDelegate.swift */ = {isa = PBXFileReference; lastKnownFileType = sourcecode.swift; path = AppDelegate.swift; sourceTree = "<group>"; };
		551C490B24CC690E007C7C03 /* SceneDelegate.swift */ = {isa = PBXFileReference; lastKnownFileType = sourcecode.swift; path = SceneDelegate.swift; sourceTree = "<group>"; };
		551C490F24CC6918007C7C03 /* Assets.xcassets */ = {isa = PBXFileReference; lastKnownFileType = folder.assetcatalog; path = Assets.xcassets; sourceTree = "<group>"; };
		551C491224CC6918007C7C03 /* Preview Assets.xcassets */ = {isa = PBXFileReference; lastKnownFileType = folder.assetcatalog; path = "Preview Assets.xcassets"; sourceTree = "<group>"; };
		551C491524CC6918007C7C03 /* Base */ = {isa = PBXFileReference; lastKnownFileType = file.storyboard; name = Base; path = Base.lproj/LaunchScreen.storyboard; sourceTree = "<group>"; };
		551C491724CC6918007C7C03 /* Info.plist */ = {isa = PBXFileReference; lastKnownFileType = text.plist.xml; path = Info.plist; sourceTree = "<group>"; };
		551C492724CC691A007C7C03 /* SwiftUI_Pull_to_RefreshUITests.xctest */ = {isa = PBXFileReference; explicitFileType = wrapper.cfbundle; includeInIndex = 0; path = SwiftUI_Pull_to_RefreshUITests.xctest; sourceTree = BUILT_PRODUCTS_DIR; };
		551C492B24CC691A007C7C03 /* SwiftUI_Pull_to_RefreshUITests.swift */ = {isa = PBXFileReference; lastKnownFileType = sourcecode.swift; path = SwiftUI_Pull_to_RefreshUITests.swift; sourceTree = "<group>"; };
		551C492D24CC691A007C7C03 /* Info.plist */ = {isa = PBXFileReference; lastKnownFileType = text.plist.xml; path = Info.plist; sourceTree = "<group>"; };
		551C493924CC69D4007C7C03 /* README.md */ = {isa = PBXFileReference; fileEncoding = 4; lastKnownFileType = net.daringfireball.markdown; path = README.md; sourceTree = "<group>"; tabWidth = 4; usesTabs = 1; };
		551C493A24CC69D4007C7C03 /* .swiftlint.yml */ = {isa = PBXFileReference; fileEncoding = 4; lastKnownFileType = text.yaml; path = .swiftlint.yml; sourceTree = "<group>"; };
		5529E98426F4FBCE00CFA9C7 /* ScrollViewMatcher.swift */ = {isa = PBXFileReference; lastKnownFileType = sourcecode.swift; path = ScrollViewMatcher.swift; sourceTree = "<group>"; };
		5529E98626F63F6E00CFA9C7 /* RefreshControlModifier.swift */ = {isa = PBXFileReference; lastKnownFileType = sourcecode.swift; path = RefreshControlModifier.swift; sourceTree = "<group>"; };
		5529E98A26F6429800CFA9C7 /* RefreshControl.swift */ = {isa = PBXFileReference; lastKnownFileType = sourcecode.swift; path = RefreshControl.swift; sourceTree = "<group>"; };
		5529E99226F64A3900CFA9C7 /* .editorconfig */ = {isa = PBXFileReference; fileEncoding = 4; lastKnownFileType = text; path = .editorconfig; sourceTree = "<group>"; };
		5529E99526F682FA00CFA9C7 /* API.swift */ = {isa = PBXFileReference; lastKnownFileType = sourcecode.swift; path = API.swift; sourceTree = "<group>"; };
		5529E99726F6866E00CFA9C7 /* IntradayTimeSeries.swift */ = {isa = PBXFileReference; lastKnownFileType = sourcecode.swift; path = IntradayTimeSeries.swift; sourceTree = "<group>"; };
		552AFE3227E3E6F4002F18F2 /* Lato-Thin.ttf */ = {isa = PBXFileReference; lastKnownFileType = file; path = "Lato-Thin.ttf"; sourceTree = "<group>"; };
		552AFE3327E3E6F4002F18F2 /* Lato-Bold.ttf */ = {isa = PBXFileReference; lastKnownFileType = file; path = "Lato-Bold.ttf"; sourceTree = "<group>"; };
		552AFE3427E3E6F4002F18F2 /* Lato-Black.ttf */ = {isa = PBXFileReference; lastKnownFileType = file; path = "Lato-Black.ttf"; sourceTree = "<group>"; };
		552AFE3527E3E6F4002F18F2 /* Lato-Regular.ttf */ = {isa = PBXFileReference; lastKnownFileType = file; path = "Lato-Regular.ttf"; sourceTree = "<group>"; };
		552AFE3727E3E6F4002F18F2 /* OFL.txt */ = {isa = PBXFileReference; fileEncoding = 4; lastKnownFileType = text; path = OFL.txt; sourceTree = "<group>"; };
		552AFE3927E3E6F4002F18F2 /* Lato-Light.ttf */ = {isa = PBXFileReference; lastKnownFileType = file; path = "Lato-Light.ttf"; sourceTree = "<group>"; };
		553EBF5927E3F4FD00C1B40D /* Withable.swift */ = {isa = PBXFileReference; lastKnownFileType = sourcecode.swift; path = Withable.swift; sourceTree = "<group>"; };
		553EBF5C27E3F5B900C1B40D /* UI.swift */ = {isa = PBXFileReference; lastKnownFileType = sourcecode.swift; path = UI.swift; sourceTree = "<group>"; };
		553EBF5E27E41A6000C1B40D /* ForecastViewModel.swift */ = {isa = PBXFileReference; lastKnownFileType = sourcecode.swift; path = ForecastViewModel.swift; sourceTree = "<group>"; };
		554B9BFE27E7997C009F65BD /* WeatherListRowView.swift */ = {isa = PBXFileReference; lastKnownFileType = sourcecode.swift; path = WeatherListRowView.swift; sourceTree = "<group>"; };
		5550DC0227E7464600CC998B /* CitiesViewModel.swift */ = {isa = PBXFileReference; lastKnownFileType = sourcecode.swift; path = CitiesViewModel.swift; sourceTree = "<group>"; };
		55573BD827EA46EE00B130CC /* San Francisco.json */ = {isa = PBXFileReference; lastKnownFileType = text.json; path = "San Francisco.json"; sourceTree = "<group>"; };
		55573BD927EA4A1A00B130CC /* New York.json */ = {isa = PBXFileReference; lastKnownFileType = text.json; path = "New York.json"; sourceTree = "<group>"; };
		55573BDB27EA4ADE00B130CC /* Paris.json */ = {isa = PBXFileReference; lastKnownFileType = text.json; path = Paris.json; sourceTree = "<group>"; };
		55573BDC27EA4CA900B130CC /* London.json */ = {isa = PBXFileReference; lastKnownFileType = text.json; path = London.json; sourceTree = "<group>"; };
		55573BE127EA4E4500B130CC /* OpenWeather+Mocks.swift */ = {isa = PBXFileReference; lastKnownFileType = sourcecode.swift; path = "OpenWeather+Mocks.swift"; sourceTree = "<group>"; };
		55573BE527EA536F00B130CC /* WeatherList.swift */ = {isa = PBXFileReference; lastKnownFileType = sourcecode.swift; path = WeatherList.swift; sourceTree = "<group>"; };
		55573BE727EA53D500B130CC /* WeatherListViewModel.swift */ = {isa = PBXFileReference; lastKnownFileType = sourcecode.swift; path = WeatherListViewModel.swift; sourceTree = "<group>"; };
		55573BEA27EA581A00B130CC /* Moscow.json */ = {isa = PBXFileReference; lastKnownFileType = text.json; path = Moscow.json; sourceTree = "<group>"; };
		55573BEB27EA584C00B130CC /* New Delhi.json */ = {isa = PBXFileReference; lastKnownFileType = text.json; path = "New Delhi.json"; sourceTree = "<group>"; };
		55573BEC27EA588200B130CC /* Tokyo.json */ = {isa = PBXFileReference; lastKnownFileType = text.json; path = Tokyo.json; sourceTree = "<group>"; };
		55573BED27EA58C400B130CC /* Sidney.json */ = {isa = PBXFileReference; lastKnownFileType = text.json; path = Sidney.json; sourceTree = "<group>"; };
		55573BEE27EA58FB00B130CC /* Honolulu.json */ = {isa = PBXFileReference; lastKnownFileType = text.json; path = Honolulu.json; sourceTree = "<group>"; };
		55573BEF27EA72ED00B130CC /* TemperatureBarView.swift */ = {isa = PBXFileReference; lastKnownFileType = sourcecode.swift; path = TemperatureBarView.swift; sourceTree = "<group>"; };
		55679B3A27DEB65000A0800B /* StaticRefreshControlView.swift */ = {isa = PBXFileReference; lastKnownFileType = sourcecode.swift; path = StaticRefreshControlView.swift; sourceTree = "<group>"; };
		55679B3D27DEB6A900A0800B /* RefreshControlTargetView.swift */ = {isa = PBXFileReference; lastKnownFileType = sourcecode.swift; path = RefreshControlTargetView.swift; sourceTree = "<group>"; };
		55679B3F27DEBBA900A0800B /* RefreshControlClosureView.swift */ = {isa = PBXFileReference; lastKnownFileType = sourcecode.swift; path = RefreshControlClosureView.swift; sourceTree = "<group>"; };
		55679B4127DEC21A00A0800B /* RefreshControlExtensionView.swift */ = {isa = PBXFileReference; lastKnownFileType = sourcecode.swift; path = RefreshControlExtensionView.swift; sourceTree = "<group>"; };
		55679B4327DEC88900A0800B /* ScrollViewExtensionView.swift */ = {isa = PBXFileReference; lastKnownFileType = sourcecode.swift; path = ScrollViewExtensionView.swift; sourceTree = "<group>"; };
		55679B4527DECAAD00A0800B /* Network.swift */ = {isa = PBXFileReference; lastKnownFileType = sourcecode.swift; path = Network.swift; sourceTree = "<group>"; };
		55679B4727DECE6700A0800B /* OnRefreshModifier.swift */ = {isa = PBXFileReference; lastKnownFileType = sourcecode.swift; path = OnRefreshModifier.swift; sourceTree = "<group>"; };
		55679B4927DECEB500A0800B /* ClosureBasedModifierView.swift */ = {isa = PBXFileReference; lastKnownFileType = sourcecode.swift; path = ClosureBasedModifierView.swift; sourceTree = "<group>"; };
		557CD31327E7F98D00608335 /* View+BackgroundBlur.swift */ = {isa = PBXFileReference; lastKnownFileType = sourcecode.swift; path = "View+BackgroundBlur.swift"; sourceTree = "<group>"; };
		55837E2B27E9F4D0009AC069 /* View+Introspect.swift */ = {isa = PBXFileReference; lastKnownFileType = sourcecode.swift; path = "View+Introspect.swift"; sourceTree = "<group>"; };
		5583A93727E0CBCC00DF9BDF /* RefreshControl.swift */ = {isa = PBXFileReference; fileEncoding = 4; lastKnownFileType = sourcecode.swift; path = RefreshControl.swift; sourceTree = "<group>"; };
		5583A93827E0CBCC00DF9BDF /* ContentView.swift */ = {isa = PBXFileReference; fileEncoding = 4; lastKnownFileType = sourcecode.swift; path = ContentView.swift; sourceTree = "<group>"; };
		5583A93B27E0D46400DF9BDF /* AsyncAwaitModifierView.swift */ = {isa = PBXFileReference; lastKnownFileType = sourcecode.swift; path = AsyncAwaitModifierView.swift; sourceTree = "<group>"; };
		5583A95727E1175800DF9BDF /* RefreshableModifier.swift */ = {isa = PBXFileReference; lastKnownFileType = sourcecode.swift; path = RefreshableModifier.swift; sourceTree = "<group>"; };
		558C556127E49AE00014D52B /* HeaderView.swift */ = {isa = PBXFileReference; lastKnownFileType = sourcecode.swift; path = HeaderView.swift; sourceTree = "<group>"; };
		559BF2A527E62BCC0029B89E /* TransparentTabView.swift */ = {isa = PBXFileReference; lastKnownFileType = sourcecode.swift; path = TransparentTabView.swift; sourceTree = "<group>"; };
		55A227CA27E6584900DBBBB3 /* TemperatureView.swift */ = {isa = PBXFileReference; lastKnownFileType = sourcecode.swift; path = TemperatureView.swift; sourceTree = "<group>"; };
		55A227CC27E6589600DBBBB3 /* TitleView.swift */ = {isa = PBXFileReference; lastKnownFileType = sourcecode.swift; path = TitleView.swift; sourceTree = "<group>"; };
		55A227CF27E658D200DBBBB3 /* AttributesView.swift */ = {isa = PBXFileReference; lastKnownFileType = sourcecode.swift; path = AttributesView.swift; sourceTree = "<group>"; };
		55A227D127E6590200DBBBB3 /* AttributeView.swift */ = {isa = PBXFileReference; lastKnownFileType = sourcecode.swift; path = AttributeView.swift; sourceTree = "<group>"; };
		55A227D727E663C600DBBBB3 /* AppHostingController.swift */ = {isa = PBXFileReference; fileEncoding = 4; lastKnownFileType = sourcecode.swift; path = AppHostingController.swift; sourceTree = "<group>"; };
		55A227D927E6739100DBBBB3 /* SummaryView.swift */ = {isa = PBXFileReference; lastKnownFileType = sourcecode.swift; path = SummaryView.swift; sourceTree = "<group>"; };
		55A2402F27E8FF23001B9AC0 /* Debug.xcconfig */ = {isa = PBXFileReference; lastKnownFileType = text.xcconfig; path = Debug.xcconfig; sourceTree = "<group>"; };
		55A2403027E90022001B9AC0 /* Release.xcconfig */ = {isa = PBXFileReference; lastKnownFileType = text.xcconfig; path = Release.xcconfig; sourceTree = "<group>"; };
		55A2403127E9002F001B9AC0 /* Default.xcconfig */ = {isa = PBXFileReference; lastKnownFileType = text.xcconfig; path = Default.xcconfig; sourceTree = "<group>"; };
		55A7E23126F7DFCE0077936F /* AlphaVantage.framework */ = {isa = PBXFileReference; explicitFileType = wrapper.framework; includeInIndex = 0; path = AlphaVantage.framework; sourceTree = BUILT_PRODUCTS_DIR; };
		55A7E23326F7DFCE0077936F /* AlphaVantage.h */ = {isa = PBXFileReference; lastKnownFileType = sourcecode.c.h; path = AlphaVantage.h; sourceTree = "<group>"; };
		55A7E23426F7DFCE0077936F /* Info.plist */ = {isa = PBXFileReference; lastKnownFileType = text.plist.xml; path = Info.plist; sourceTree = "<group>"; };
		55A7E24826F7E1710077936F /* OpenWeather.framework */ = {isa = PBXFileReference; explicitFileType = wrapper.framework; includeInIndex = 0; path = OpenWeather.framework; sourceTree = BUILT_PRODUCTS_DIR; };
		55A7E24A26F7E1710077936F /* OpenWeather.h */ = {isa = PBXFileReference; lastKnownFileType = sourcecode.c.h; path = OpenWeather.h; sourceTree = "<group>"; };
		55A7E24B26F7E1710077936F /* Info.plist */ = {isa = PBXFileReference; lastKnownFileType = text.plist.xml; path = Info.plist; sourceTree = "<group>"; };
		55A7E25426F7E1810077936F /* API.swift */ = {isa = PBXFileReference; lastKnownFileType = sourcecode.swift; path = API.swift; sourceTree = "<group>"; };
		55A7E25626F7E3AD0077936F /* Location.swift */ = {isa = PBXFileReference; lastKnownFileType = sourcecode.swift; path = Location.swift; sourceTree = "<group>"; };
		55A7E25926F7E85C0077936F /* HourlyForecast.json */ = {isa = PBXFileReference; lastKnownFileType = text.json; path = HourlyForecast.json; sourceTree = "<group>"; };
		55A7E25A26F7E87B0077936F /* HourlyForecast.swift */ = {isa = PBXFileReference; lastKnownFileType = sourcecode.swift; path = HourlyForecast.swift; sourceTree = "<group>"; };
		55A7E25C26F7ED0A0077936F /* HourlyForecast+Preview.swift */ = {isa = PBXFileReference; lastKnownFileType = sourcecode.swift; path = "HourlyForecast+Preview.swift"; sourceTree = "<group>"; };
		55A7E25E26F7ED5B0077936F /* Bundle+Extensions.swift */ = {isa = PBXFileReference; lastKnownFileType = sourcecode.swift; path = "Bundle+Extensions.swift"; sourceTree = "<group>"; };
		55A7E26426F800340077936F /* ForecastView.swift */ = {isa = PBXFileReference; lastKnownFileType = sourcecode.swift; path = ForecastView.swift; sourceTree = "<group>"; };
		55B756BC27E5458C00FA7BA6 /* PaddingView.swift */ = {isa = PBXFileReference; lastKnownFileType = sourcecode.swift; path = PaddingView.swift; sourceTree = "<group>"; usesTabs = 0; };
		55B81CB927E37C4500025A4E /* MarqueeView.swift */ = {isa = PBXFileReference; indentWidth = 4; lastKnownFileType = sourcecode.swift; path = MarqueeView.swift; sourceTree = "<group>"; usesTabs = 0; };
		55D6299C27DD39070043188D /* IntrospectView.swift */ = {isa = PBXFileReference; lastKnownFileType = sourcecode.swift; path = IntrospectView.swift; sourceTree = "<group>"; };
		55E82F2126F905E7003E8B68 /* UIView+Extensions.swift */ = {isa = PBXFileReference; fileEncoding = 4; lastKnownFileType = sourcecode.swift; path = "UIView+Extensions.swift"; sourceTree = "<group>"; };
		55E82F2326F90A94003E8B68 /* PagingModifier.swift */ = {isa = PBXFileReference; lastKnownFileType = sourcecode.swift; path = PagingModifier.swift; sourceTree = "<group>"; };
		55E82F2526F9D9C5003E8B68 /* FramePreferenceKey.swift */ = {isa = PBXFileReference; lastKnownFileType = sourcecode.swift; path = FramePreferenceKey.swift; sourceTree = "<group>"; };
		55E82F2726F9DA59003E8B68 /* UIResponder+Extensions.swift */ = {isa = PBXFileReference; lastKnownFileType = sourcecode.swift; path = "UIResponder+Extensions.swift"; sourceTree = "<group>"; };
		55E82F2D26F9E32E003E8B68 /* CityView.swift */ = {isa = PBXFileReference; lastKnownFileType = sourcecode.swift; path = CityView.swift; sourceTree = "<group>"; };
		55E82F2F26FA272E003E8B68 /* CityViewModel.swift */ = {isa = PBXFileReference; lastKnownFileType = sourcecode.swift; path = CityViewModel.swift; sourceTree = "<group>"; };
		55E82F3126FA336C003E8B68 /* CHANGELOG.md */ = {isa = PBXFileReference; lastKnownFileType = net.daringfireball.markdown; path = CHANGELOG.md; sourceTree = "<group>"; };
		55E82F3426FA35B0003E8B68 /* OnScroll.swift */ = {isa = PBXFileReference; lastKnownFileType = sourcecode.swift; path = OnScroll.swift; sourceTree = "<group>"; };
		55EF270C27E7A2DD00705D1F /* OpenWeather+Extensions.swift */ = {isa = PBXFileReference; lastKnownFileType = sourcecode.swift; path = "OpenWeather+Extensions.swift"; sourceTree = "<group>"; };
		55F2D60E24D1032500E3BDDF /* CitiesView.swift */ = {isa = PBXFileReference; lastKnownFileType = sourcecode.swift; path = CitiesView.swift; sourceTree = "<group>"; };
		55F542C727E88ACF003733E5 /* FitTextView.swift */ = {isa = PBXFileReference; lastKnownFileType = sourcecode.swift; path = FitTextView.swift; sourceTree = "<group>"; };
		55FD8E6E24CE55260057D91E /* XCTestCase+Extensions.swift */ = {isa = PBXFileReference; lastKnownFileType = sourcecode.swift; path = "XCTestCase+Extensions.swift"; sourceTree = "<group>"; };
/* End PBXFileReference section */

/* Begin PBXFrameworksBuildPhase section */
		551C490324CC690E007C7C03 /* Frameworks */ = {
			isa = PBXFrameworksBuildPhase;
			buildActionMask = 2147483647;
			files = (
				55A7E24F26F7E1710077936F /* OpenWeather.framework in Frameworks */,
				55D6299B27DD38B70043188D /* Introspect in Frameworks */,
			);
			runOnlyForDeploymentPostprocessing = 0;
		};
		551C492424CC6919007C7C03 /* Frameworks */ = {
			isa = PBXFrameworksBuildPhase;
			buildActionMask = 2147483647;
			files = (
			);
			runOnlyForDeploymentPostprocessing = 0;
		};
		55A7E22E26F7DFCE0077936F /* Frameworks */ = {
			isa = PBXFrameworksBuildPhase;
			buildActionMask = 2147483647;
			files = (
			);
			runOnlyForDeploymentPostprocessing = 0;
		};
		55A7E24526F7E1710077936F /* Frameworks */ = {
			isa = PBXFrameworksBuildPhase;
			buildActionMask = 2147483647;
			files = (
			);
			runOnlyForDeploymentPostprocessing = 0;
		};
/* End PBXFrameworksBuildPhase section */

/* Begin PBXGroup section */
		551C48FD24CC690D007C7C03 = {
			isa = PBXGroup;
			children = (
				551C493A24CC69D4007C7C03 /* .swiftlint.yml */,
				5529E99226F64A3900CFA9C7 /* .editorconfig */,
				551C493924CC69D4007C7C03 /* README.md */,
				55E82F3126FA336C003E8B68 /* CHANGELOG.md */,
				55A2403327E9064B001B9AC0 /* Configuration */,
				551C490824CC690E007C7C03 /* SwiftUI_Pull_to_Refresh */,
				551C492A24CC691A007C7C03 /* SwiftUI_Pull_to_RefreshUITests */,
				55A7E23226F7DFCE0077936F /* AlphaVantage */,
				55A7E24926F7E1710077936F /* OpenWeather */,
				551C490724CC690E007C7C03 /* Products */,
			);
			sourceTree = "<group>";
		};
		551C490724CC690E007C7C03 /* Products */ = {
			isa = PBXGroup;
			children = (
				551C490624CC690E007C7C03 /* SwiftUI_Pull_to_Refresh.app */,
				551C492724CC691A007C7C03 /* SwiftUI_Pull_to_RefreshUITests.xctest */,
				55A7E23126F7DFCE0077936F /* AlphaVantage.framework */,
				55A7E24826F7E1710077936F /* OpenWeather.framework */,
			);
			name = Products;
			sourceTree = "<group>";
		};
		551C490824CC690E007C7C03 /* SwiftUI_Pull_to_Refresh */ = {
			isa = PBXGroup;
			children = (
				551C490924CC690E007C7C03 /* AppDelegate.swift */,
				551C490B24CC690E007C7C03 /* SceneDelegate.swift */,
				55A227D727E663C600DBBBB3 /* AppHostingController.swift */,
				55679B4D27DEDFD000A0800B /* Refreshable */,
				5550DC0427E754A000CC998B /* Examples */,
				55F2D61024D1033B00E3BDDF /* Views */,
				553EBF5B27E3F51800C1B40D /* Extensions */,
				55679B3C27DEB65800A0800B /* Prototypes */,
				55679B4E27DEE05600A0800B /* Deprecated */,
				551C490F24CC6918007C7C03 /* Assets.xcassets */,
				551C491424CC6918007C7C03 /* LaunchScreen.storyboard */,
				551C491724CC6918007C7C03 /* Info.plist */,
				552AFE2F27E3E6F4002F18F2 /* Lato */,
				551C491124CC6918007C7C03 /* Preview Content */,
			);
			path = SwiftUI_Pull_to_Refresh;
			sourceTree = "<group>";
		};
		551C491124CC6918007C7C03 /* Preview Content */ = {
			isa = PBXGroup;
			children = (
				551C491224CC6918007C7C03 /* Preview Assets.xcassets */,
			);
			path = "Preview Content";
			sourceTree = "<group>";
		};
		551C492A24CC691A007C7C03 /* SwiftUI_Pull_to_RefreshUITests */ = {
			isa = PBXGroup;
			children = (
				551C492B24CC691A007C7C03 /* SwiftUI_Pull_to_RefreshUITests.swift */,
				551C492D24CC691A007C7C03 /* Info.plist */,
				55FD8E6E24CE55260057D91E /* XCTestCase+Extensions.swift */,
			);
			path = SwiftUI_Pull_to_RefreshUITests;
			sourceTree = "<group>";
		};
		552AFE2F27E3E6F4002F18F2 /* Lato */ = {
			isa = PBXGroup;
			children = (
				552AFE3227E3E6F4002F18F2 /* Lato-Thin.ttf */,
				552AFE3927E3E6F4002F18F2 /* Lato-Light.ttf */,
				552AFE3527E3E6F4002F18F2 /* Lato-Regular.ttf */,
				552AFE3327E3E6F4002F18F2 /* Lato-Bold.ttf */,
				552AFE3427E3E6F4002F18F2 /* Lato-Black.ttf */,
				552AFE3727E3E6F4002F18F2 /* OFL.txt */,
			);
			path = Lato;
			sourceTree = "<group>";
		};
		553EBF5B27E3F51800C1B40D /* Extensions */ = {
			isa = PBXGroup;
			children = (
				553EBF5927E3F4FD00C1B40D /* Withable.swift */,
			);
			path = Extensions;
			sourceTree = "<group>";
		};
		5550DC0427E754A000CC998B /* Examples */ = {
			isa = PBXGroup;
			children = (
				55679B4927DECEB500A0800B /* ClosureBasedModifierView.swift */,
				5583A93B27E0D46400DF9BDF /* AsyncAwaitModifierView.swift */,
			);
			path = Examples;
			sourceTree = "<group>";
		};
		55573BD727EA46CA00B130CC /* OpenWeather */ = {
			isa = PBXGroup;
			children = (
				55573BE127EA4E4500B130CC /* OpenWeather+Mocks.swift */,
				55EF270C27E7A2DD00705D1F /* OpenWeather+Extensions.swift */,
				55573BDA27EA4A3600B130CC /* Mocks */,
			);
			path = OpenWeather;
			sourceTree = "<group>";
		};
		55573BDA27EA4A3600B130CC /* Mocks */ = {
			isa = PBXGroup;
			children = (
				55573BD827EA46EE00B130CC /* San Francisco.json */,
				55573BD927EA4A1A00B130CC /* New York.json */,
				55573BDB27EA4ADE00B130CC /* Paris.json */,
				55573BDC27EA4CA900B130CC /* London.json */,
				55573BEA27EA581A00B130CC /* Moscow.json */,
				55573BEB27EA584C00B130CC /* New Delhi.json */,
				55573BEC27EA588200B130CC /* Tokyo.json */,
				55573BED27EA58C400B130CC /* Sidney.json */,
				55573BEE27EA58FB00B130CC /* Honolulu.json */,
			);
			path = Mocks;
			sourceTree = "<group>";
		};
		55573BE327EA517500B130CC /* Extensions */ = {
			isa = PBXGroup;
			children = (
				557CD31327E7F98D00608335 /* View+BackgroundBlur.swift */,
				55837E2B27E9F4D0009AC069 /* View+Introspect.swift */,
			);
			path = Extensions;
			sourceTree = "<group>";
		};
		55573BE427EA535500B130CC /* WeatherList */ = {
			isa = PBXGroup;
			children = (
				55573BE527EA536F00B130CC /* WeatherList.swift */,
				55573BE727EA53D500B130CC /* WeatherListViewModel.swift */,
				554B9BFE27E7997C009F65BD /* WeatherListRowView.swift */,
				55A227D627E65A4500DBBBB3 /* Forecast */,
			);
			path = WeatherList;
			sourceTree = "<group>";
		};
		55679B3C27DEB65800A0800B /* Prototypes */ = {
			isa = PBXGroup;
			children = (
				559BF2A727E637990029B89E /* Sketches */,
				55679B4527DECAAD00A0800B /* Network.swift */,
				55679B3A27DEB65000A0800B /* StaticRefreshControlView.swift */,
				55679B3D27DEB6A900A0800B /* RefreshControlTargetView.swift */,
				55679B3F27DEBBA900A0800B /* RefreshControlClosureView.swift */,
				55679B4127DEC21A00A0800B /* RefreshControlExtensionView.swift */,
				55679B4327DEC88900A0800B /* ScrollViewExtensionView.swift */,
				55D6299C27DD39070043188D /* IntrospectView.swift */,
			);
			path = Prototypes;
			sourceTree = "<group>";
		};
		55679B4D27DEDFD000A0800B /* Refreshable */ = {
			isa = PBXGroup;
			children = (
				55679B4727DECE6700A0800B /* OnRefreshModifier.swift */,
				5583A95727E1175800DF9BDF /* RefreshableModifier.swift */,
			);
			path = Refreshable;
			sourceTree = "<group>";
		};
		55679B4E27DEE05600A0800B /* Deprecated */ = {
			isa = PBXGroup;
			children = (
				55E82F2926F9DA64003E8B68 /* Extensions */,
				5583A93227E0CB9C00DF9BDF /* ScrollViewResolver */,
				55E82F2A26F9DA74003E8B68 /* ScrollViewMatcher */,
				5529E98626F63F6E00CFA9C7 /* RefreshControlModifier.swift */,
				5529E98A26F6429800CFA9C7 /* RefreshControl.swift */,
				55E82F2326F90A94003E8B68 /* PagingModifier.swift */,
				55E82F3426FA35B0003E8B68 /* OnScroll.swift */,
			);
			path = Deprecated;
			sourceTree = "<group>";
		};
		5583A93227E0CB9C00DF9BDF /* ScrollViewResolver */ = {
			isa = PBXGroup;
			children = (
				5583A93827E0CBCC00DF9BDF /* ContentView.swift */,
				5583A93727E0CBCC00DF9BDF /* RefreshControl.swift */,
			);
			path = ScrollViewResolver;
			sourceTree = "<group>";
		};
		559BF2A727E637990029B89E /* Sketches */ = {
			isa = PBXGroup;
			children = (
				55F542C727E88ACF003733E5 /* FitTextView.swift */,
				558C556127E49AE00014D52B /* HeaderView.swift */,
				55B756BC27E5458C00FA7BA6 /* PaddingView.swift */,
				559BF2A527E62BCC0029B89E /* TransparentTabView.swift */,
				55B81CB927E37C4500025A4E /* MarqueeView.swift */,
			);
			path = Sketches;
			sourceTree = "<group>";
		};
		55A227CE27E658A500DBBBB3 /* City */ = {
			isa = PBXGroup;
			children = (
				55E82F2D26F9E32E003E8B68 /* CityView.swift */,
				55E82F2F26FA272E003E8B68 /* CityViewModel.swift */,
				55A227CC27E6589600DBBBB3 /* TitleView.swift */,
				55573BD727EA46CA00B130CC /* OpenWeather */,
				55A227DB27E6749800DBBBB3 /* Summary */,
				55573BE427EA535500B130CC /* WeatherList */,
				55573BE327EA517500B130CC /* Extensions */,
			);
			path = City;
			sourceTree = "<group>";
		};
		55A227D527E65A3A00DBBBB3 /* Attributes */ = {
			isa = PBXGroup;
			children = (
				55A227CF27E658D200DBBBB3 /* AttributesView.swift */,
				55A227D127E6590200DBBBB3 /* AttributeView.swift */,
			);
			path = Attributes;
			sourceTree = "<group>";
		};
		55A227D627E65A4500DBBBB3 /* Forecast */ = {
			isa = PBXGroup;
			children = (
				55A7E26426F800340077936F /* ForecastView.swift */,
				553EBF5E27E41A6000C1B40D /* ForecastViewModel.swift */,
				55573BEF27EA72ED00B130CC /* TemperatureBarView.swift */,
			);
			path = Forecast;
			sourceTree = "<group>";
		};
		55A227DB27E6749800DBBBB3 /* Summary */ = {
			isa = PBXGroup;
			children = (
				55A227D927E6739100DBBBB3 /* SummaryView.swift */,
				55A227CA27E6584900DBBBB3 /* TemperatureView.swift */,
				55A227D527E65A3A00DBBBB3 /* Attributes */,
			);
			path = Summary;
			sourceTree = "<group>";
		};
		55A2403327E9064B001B9AC0 /* Configuration */ = {
			isa = PBXGroup;
			children = (
				55A2403127E9002F001B9AC0 /* Default.xcconfig */,
				55A2402F27E8FF23001B9AC0 /* Debug.xcconfig */,
				55A2403027E90022001B9AC0 /* Release.xcconfig */,
			);
			path = Configuration;
			sourceTree = "<group>";
		};
		55A7E23226F7DFCE0077936F /* AlphaVantage */ = {
			isa = PBXGroup;
			children = (
				55A7E23326F7DFCE0077936F /* AlphaVantage.h */,
				55A7E23426F7DFCE0077936F /* Info.plist */,
				5529E99526F682FA00CFA9C7 /* API.swift */,
				5529E99726F6866E00CFA9C7 /* IntradayTimeSeries.swift */,
			);
			path = AlphaVantage;
			sourceTree = "<group>";
		};
		55A7E24926F7E1710077936F /* OpenWeather */ = {
			isa = PBXGroup;
			children = (
				55A7E24A26F7E1710077936F /* OpenWeather.h */,
				55A7E24B26F7E1710077936F /* Info.plist */,
				55A7E25426F7E1810077936F /* API.swift */,
				55A7E25626F7E3AD0077936F /* Location.swift */,
				55A7E25A26F7E87B0077936F /* HourlyForecast.swift */,
				55A7E25C26F7ED0A0077936F /* HourlyForecast+Preview.swift */,
				55A7E25926F7E85C0077936F /* HourlyForecast.json */,
				55A7E26026F7EEE60077936F /* Extensions */,
			);
			path = OpenWeather;
			sourceTree = "<group>";
		};
		55A7E26026F7EEE60077936F /* Extensions */ = {
			isa = PBXGroup;
			children = (
				55A7E25E26F7ED5B0077936F /* Bundle+Extensions.swift */,
			);
			path = Extensions;
			sourceTree = "<group>";
		};
		55E82F2926F9DA64003E8B68 /* Extensions */ = {
			isa = PBXGroup;
			children = (
				55E82F2126F905E7003E8B68 /* UIView+Extensions.swift */,
				55E82F2726F9DA59003E8B68 /* UIResponder+Extensions.swift */,
			);
			path = Extensions;
			sourceTree = "<group>";
		};
		55E82F2A26F9DA74003E8B68 /* ScrollViewMatcher */ = {
			isa = PBXGroup;
			children = (
				55E82F2526F9D9C5003E8B68 /* FramePreferenceKey.swift */,
				5529E98426F4FBCE00CFA9C7 /* ScrollViewMatcher.swift */,
			);
			path = ScrollViewMatcher;
			sourceTree = "<group>";
		};
		55F2D61024D1033B00E3BDDF /* Views */ = {
			isa = PBXGroup;
			children = (
				553EBF5C27E3F5B900C1B40D /* UI.swift */,
				55F2D60E24D1032500E3BDDF /* CitiesView.swift */,
				5550DC0227E7464600CC998B /* CitiesViewModel.swift */,
				55A227CE27E658A500DBBBB3 /* City */,
			);
			path = Views;
			sourceTree = "<group>";
		};
/* End PBXGroup section */

/* Begin PBXHeadersBuildPhase section */
		55A7E22C26F7DFCE0077936F /* Headers */ = {
			isa = PBXHeadersBuildPhase;
			buildActionMask = 2147483647;
			files = (
				55A7E23526F7DFCE0077936F /* AlphaVantage.h in Headers */,
			);
			runOnlyForDeploymentPostprocessing = 0;
		};
		55A7E24326F7E1710077936F /* Headers */ = {
			isa = PBXHeadersBuildPhase;
			buildActionMask = 2147483647;
			files = (
				55A7E24C26F7E1710077936F /* OpenWeather.h in Headers */,
			);
			runOnlyForDeploymentPostprocessing = 0;
		};
/* End PBXHeadersBuildPhase section */

/* Begin PBXNativeTarget section */
		551C490524CC690E007C7C03 /* SwiftUI_Pull_to_Refresh */ = {
			isa = PBXNativeTarget;
			buildConfigurationList = 551C493024CC691A007C7C03 /* Build configuration list for PBXNativeTarget "SwiftUI_Pull_to_Refresh" */;
			buildPhases = (
				551C490224CC690E007C7C03 /* Sources */,
				551C490324CC690E007C7C03 /* Frameworks */,
				551C490424CC690E007C7C03 /* Resources */,
				551C493D24CC69EC007C7C03 /* ShellScript */,
				55A7E23A26F7DFCE0077936F /* Embed Frameworks */,
			);
			buildRules = (
			);
			dependencies = (
				55A7E24E26F7E1710077936F /* PBXTargetDependency */,
			);
			name = SwiftUI_Pull_to_Refresh;
			packageProductDependencies = (
				55D6299A27DD38B70043188D /* Introspect */,
			);
			productName = SwiftUI_Pull_to_Refresh;
			productReference = 551C490624CC690E007C7C03 /* SwiftUI_Pull_to_Refresh.app */;
			productType = "com.apple.product-type.application";
		};
		551C492624CC6919007C7C03 /* SwiftUI_Pull_to_RefreshUITests */ = {
			isa = PBXNativeTarget;
			buildConfigurationList = 551C493624CC691A007C7C03 /* Build configuration list for PBXNativeTarget "SwiftUI_Pull_to_RefreshUITests" */;
			buildPhases = (
				551C492324CC6919007C7C03 /* Sources */,
				551C492424CC6919007C7C03 /* Frameworks */,
				551C492524CC6919007C7C03 /* Resources */,
			);
			buildRules = (
			);
			dependencies = (
				551C492924CC691A007C7C03 /* PBXTargetDependency */,
			);
			name = SwiftUI_Pull_to_RefreshUITests;
			productName = SwiftUI_Pull_to_RefreshUITests;
			productReference = 551C492724CC691A007C7C03 /* SwiftUI_Pull_to_RefreshUITests.xctest */;
			productType = "com.apple.product-type.bundle.ui-testing";
		};
		55A7E23026F7DFCE0077936F /* AlphaVantage */ = {
			isa = PBXNativeTarget;
			buildConfigurationList = 55A7E23D26F7DFCE0077936F /* Build configuration list for PBXNativeTarget "AlphaVantage" */;
			buildPhases = (
				55A7E22C26F7DFCE0077936F /* Headers */,
				55A7E22D26F7DFCE0077936F /* Sources */,
				55A7E22E26F7DFCE0077936F /* Frameworks */,
				55A7E22F26F7DFCE0077936F /* Resources */,
			);
			buildRules = (
			);
			dependencies = (
			);
			name = AlphaVantage;
			productName = AlphaVantage;
			productReference = 55A7E23126F7DFCE0077936F /* AlphaVantage.framework */;
			productType = "com.apple.product-type.framework";
		};
		55A7E24726F7E1710077936F /* OpenWeather */ = {
			isa = PBXNativeTarget;
			buildConfigurationList = 55A7E25126F7E1710077936F /* Build configuration list for PBXNativeTarget "OpenWeather" */;
			buildPhases = (
				55A7E24326F7E1710077936F /* Headers */,
				55A7E24426F7E1710077936F /* Sources */,
				55A7E24526F7E1710077936F /* Frameworks */,
				55A7E24626F7E1710077936F /* Resources */,
			);
			buildRules = (
			);
			dependencies = (
			);
			name = OpenWeather;
			productName = OpenWeather;
			productReference = 55A7E24826F7E1710077936F /* OpenWeather.framework */;
			productType = "com.apple.product-type.framework";
		};
/* End PBXNativeTarget section */

/* Begin PBXProject section */
		551C48FE24CC690D007C7C03 /* Project object */ = {
			isa = PBXProject;
			attributes = {
				LastSwiftUpdateCheck = 1200;
				LastUpgradeCheck = 1200;
				TargetAttributes = {
					551C490524CC690E007C7C03 = {
						CreatedOnToolsVersion = 12.0;
					};
					551C492624CC6919007C7C03 = {
						CreatedOnToolsVersion = 12.0;
						TestTargetID = 551C490524CC690E007C7C03;
					};
					55A7E23026F7DFCE0077936F = {
						CreatedOnToolsVersion = 12.5.1;
					};
					55A7E24726F7E1710077936F = {
						CreatedOnToolsVersion = 12.5.1;
						LastSwiftMigration = 1250;
					};
				};
			};
			buildConfigurationList = 551C490124CC690D007C7C03 /* Build configuration list for PBXProject "SwiftUI_Pull_to_Refresh" */;
			compatibilityVersion = "Xcode 9.3";
			developmentRegion = en;
			hasScannedForEncodings = 0;
			knownRegions = (
				en,
				Base,
			);
			mainGroup = 551C48FD24CC690D007C7C03;
			packageReferences = (
				55D6299927DD38B60043188D /* XCRemoteSwiftPackageReference "SwiftUI-Introspect" */,
			);
			productRefGroup = 551C490724CC690E007C7C03 /* Products */;
			projectDirPath = "";
			projectRoot = "";
			targets = (
				551C490524CC690E007C7C03 /* SwiftUI_Pull_to_Refresh */,
				551C492624CC6919007C7C03 /* SwiftUI_Pull_to_RefreshUITests */,
				55A7E23026F7DFCE0077936F /* AlphaVantage */,
				55A7E24726F7E1710077936F /* OpenWeather */,
			);
		};
/* End PBXProject section */

/* Begin PBXResourcesBuildPhase section */
		551C490424CC690E007C7C03 /* Resources */ = {
			isa = PBXResourcesBuildPhase;
			buildActionMask = 2147483647;
			files = (
				552AFE4427E3E6F4002F18F2 /* Lato-Light.ttf in Resources */,
				552AFE3E27E3E6F4002F18F2 /* Lato-Bold.ttf in Resources */,
				551C493C24CC69D4007C7C03 /* .swiftlint.yml in Resources */,
				551C491624CC6918007C7C03 /* LaunchScreen.storyboard in Resources */,
				55573BE027EA4D5700B130CC /* New York.json in Resources */,
				5529E99326F64A3900CFA9C7 /* .editorconfig in Resources */,
				552AFE3F27E3E6F4002F18F2 /* Lato-Black.ttf in Resources */,
				55573BDD27EA4D5700B130CC /* San Francisco.json in Resources */,
				55573BDE27EA4D5700B130CC /* Paris.json in Resources */,
				551C491324CC6918007C7C03 /* Preview Assets.xcassets in Resources */,
				551C493B24CC69D4007C7C03 /* README.md in Resources */,
				55E82F3226FA336C003E8B68 /* CHANGELOG.md in Resources */,
				552AFE3D27E3E6F4002F18F2 /* Lato-Thin.ttf in Resources */,
				55573BDF27EA4D5700B130CC /* London.json in Resources */,
				552AFE4027E3E6F4002F18F2 /* Lato-Regular.ttf in Resources */,
				551C491024CC6918007C7C03 /* Assets.xcassets in Resources */,
			);
			runOnlyForDeploymentPostprocessing = 0;
		};
		551C492524CC6919007C7C03 /* Resources */ = {
			isa = PBXResourcesBuildPhase;
			buildActionMask = 2147483647;
			files = (
			);
			runOnlyForDeploymentPostprocessing = 0;
		};
		55A7E22F26F7DFCE0077936F /* Resources */ = {
			isa = PBXResourcesBuildPhase;
			buildActionMask = 2147483647;
			files = (
			);
			runOnlyForDeploymentPostprocessing = 0;
		};
		55A7E24626F7E1710077936F /* Resources */ = {
			isa = PBXResourcesBuildPhase;
			buildActionMask = 2147483647;
			files = (
				55A7E26126F7EF600077936F /* HourlyForecast.json in Resources */,
			);
			runOnlyForDeploymentPostprocessing = 0;
		};
/* End PBXResourcesBuildPhase section */

/* Begin PBXShellScriptBuildPhase section */
		551C493D24CC69EC007C7C03 /* ShellScript */ = {
			isa = PBXShellScriptBuildPhase;
			buildActionMask = 2147483647;
			files = (
			);
			inputFileListPaths = (
			);
			inputPaths = (
			);
			outputFileListPaths = (
			);
			outputPaths = (
			);
			runOnlyForDeploymentPostprocessing = 0;
			shellPath = /bin/sh;
			shellScript = "if which swiftlint >/dev/null; then\n  swiftlint\nelse\n  echo \"warning: SwiftLint not installed, download from https://github.com/realm/SwiftLint\"\nfi\n";
		};
/* End PBXShellScriptBuildPhase section */

/* Begin PBXSourcesBuildPhase section */
		551C490224CC690E007C7C03 /* Sources */ = {
			isa = PBXSourcesBuildPhase;
			buildActionMask = 2147483647;
			files = (
				552AFE2B27E3DF4C002F18F2 /* CitiesView.swift in Sources */,
				55A227D027E658D200DBBBB3 /* AttributesView.swift in Sources */,
				551C490A24CC690E007C7C03 /* AppDelegate.swift in Sources */,
				552AFE2D27E3DF4C002F18F2 /* ForecastView.swift in Sources */,
				55D6299D27DD39070043188D /* IntrospectView.swift in Sources */,
				553EBF5F27E41A6100C1B40D /* ForecastViewModel.swift in Sources */,
				55A227CD27E6589600DBBBB3 /* TitleView.swift in Sources */,
				55A227CB27E6584900DBBBB3 /* TemperatureView.swift in Sources */,
				55573BE627EA536F00B130CC /* WeatherList.swift in Sources */,
				552AFE2C27E3DF4C002F18F2 /* CityViewModel.swift in Sources */,
				55679B3E27DEB6A900A0800B /* RefreshControlTargetView.swift in Sources */,
				55573BE227EA4E4500B130CC /* OpenWeather+Mocks.swift in Sources */,
				559BF2A827E637BB0029B89E /* MarqueeView.swift in Sources */,
				55F542C827E88ACF003733E5 /* FitTextView.swift in Sources */,
				55679B4227DEC21A00A0800B /* RefreshControlExtensionView.swift in Sources */,
				552AFE2E27E3DF4C002F18F2 /* CityView.swift in Sources */,
				554B9BFF27E7997D009F65BD /* WeatherListRowView.swift in Sources */,
				55EF270D27E7A2DD00705D1F /* OpenWeather+Extensions.swift in Sources */,
				55A227D827E663C600DBBBB3 /* AppHostingController.swift in Sources */,
				559BF2A627E62BCC0029B89E /* TransparentTabView.swift in Sources */,
				55679B4427DEC88900A0800B /* ScrollViewExtensionView.swift in Sources */,
				55A227D227E6590200DBBBB3 /* AttributeView.swift in Sources */,
				55837E2C27E9F4D0009AC069 /* View+Introspect.swift in Sources */,
				55679B4627DECAAD00A0800B /* Network.swift in Sources */,
				55573BE827EA53D500B130CC /* WeatherListViewModel.swift in Sources */,
				5583A95827E1175900DF9BDF /* RefreshableModifier.swift in Sources */,
				553EBF5A27E3F4FE00C1B40D /* Withable.swift in Sources */,
				558C556227E49AE00014D52B /* HeaderView.swift in Sources */,
				55679B4827DECE6700A0800B /* OnRefreshModifier.swift in Sources */,
				55679B4A27DECEB500A0800B /* ClosureBasedModifierView.swift in Sources */,
				557CD31427E7F98D00608335 /* View+BackgroundBlur.swift in Sources */,
				55679B4027DEBBA900A0800B /* RefreshControlClosureView.swift in Sources */,
				551C490C24CC690E007C7C03 /* SceneDelegate.swift in Sources */,
				55573BF027EA72EE00B130CC /* TemperatureBarView.swift in Sources */,
				55B756BD27E5458C00FA7BA6 /* PaddingView.swift in Sources */,
				5583A93C27E0D46400DF9BDF /* AsyncAwaitModifierView.swift in Sources */,
				55A227DA27E6739100DBBBB3 /* SummaryView.swift in Sources */,
				5550DC0327E7464600CC998B /* CitiesViewModel.swift in Sources */,
				553EBF5D27E3F5B900C1B40D /* UI.swift in Sources */,
				55679B3B27DEB65000A0800B /* StaticRefreshControlView.swift in Sources */,
			);
			runOnlyForDeploymentPostprocessing = 0;
		};
		551C492324CC6919007C7C03 /* Sources */ = {
			isa = PBXSourcesBuildPhase;
			buildActionMask = 2147483647;
			files = (
				55FD8E6F24CE55260057D91E /* XCTestCase+Extensions.swift in Sources */,
				551C492C24CC691A007C7C03 /* SwiftUI_Pull_to_RefreshUITests.swift in Sources */,
			);
			runOnlyForDeploymentPostprocessing = 0;
		};
		55A7E22D26F7DFCE0077936F /* Sources */ = {
			isa = PBXSourcesBuildPhase;
			buildActionMask = 2147483647;
			files = (
				55A7E23E26F7DFD70077936F /* API.swift in Sources */,
				55A7E23F26F7DFD70077936F /* IntradayTimeSeries.swift in Sources */,
			);
			runOnlyForDeploymentPostprocessing = 0;
		};
		55A7E24426F7E1710077936F /* Sources */ = {
			isa = PBXSourcesBuildPhase;
			buildActionMask = 2147483647;
			files = (
				55A7E25726F7E3AD0077936F /* Location.swift in Sources */,
				55A7E25F26F7ED5B0077936F /* Bundle+Extensions.swift in Sources */,
				55A7E25B26F7E87B0077936F /* HourlyForecast.swift in Sources */,
				55A7E25D26F7ED0A0077936F /* HourlyForecast+Preview.swift in Sources */,
				55A7E25526F7E1810077936F /* API.swift in Sources */,
			);
			runOnlyForDeploymentPostprocessing = 0;
		};
/* End PBXSourcesBuildPhase section */

/* Begin PBXTargetDependency section */
		551C492924CC691A007C7C03 /* PBXTargetDependency */ = {
			isa = PBXTargetDependency;
			target = 551C490524CC690E007C7C03 /* SwiftUI_Pull_to_Refresh */;
			targetProxy = 551C492824CC691A007C7C03 /* PBXContainerItemProxy */;
		};
		55A7E24E26F7E1710077936F /* PBXTargetDependency */ = {
			isa = PBXTargetDependency;
			target = 55A7E24726F7E1710077936F /* OpenWeather */;
			targetProxy = 55A7E24D26F7E1710077936F /* PBXContainerItemProxy */;
		};
/* End PBXTargetDependency section */

/* Begin PBXVariantGroup section */
		551C491424CC6918007C7C03 /* LaunchScreen.storyboard */ = {
			isa = PBXVariantGroup;
			children = (
				551C491524CC6918007C7C03 /* Base */,
			);
			name = LaunchScreen.storyboard;
			sourceTree = "<group>";
		};
/* End PBXVariantGroup section */

/* Begin XCBuildConfiguration section */
		551C492E24CC691A007C7C03 /* Debug */ = {
			isa = XCBuildConfiguration;
			baseConfigurationReference = 55A2402F27E8FF23001B9AC0 /* Debug.xcconfig */;
			buildSettings = {
				ALWAYS_SEARCH_USER_PATHS = NO;
				CLANG_ANALYZER_NONNULL = YES;
				CLANG_ANALYZER_NUMBER_OBJECT_CONVERSION = YES_AGGRESSIVE;
				CLANG_CXX_LANGUAGE_STANDARD = "gnu++14";
				CLANG_CXX_LIBRARY = "libc++";
				CLANG_ENABLE_MODULES = YES;
				CLANG_ENABLE_OBJC_ARC = YES;
				CLANG_ENABLE_OBJC_WEAK = YES;
				CLANG_WARN_BLOCK_CAPTURE_AUTORELEASING = YES;
				CLANG_WARN_BOOL_CONVERSION = YES;
				CLANG_WARN_COMMA = YES;
				CLANG_WARN_CONSTANT_CONVERSION = YES;
				CLANG_WARN_DEPRECATED_OBJC_IMPLEMENTATIONS = YES;
				CLANG_WARN_DIRECT_OBJC_ISA_USAGE = YES_ERROR;
				CLANG_WARN_DOCUMENTATION_COMMENTS = YES;
				CLANG_WARN_EMPTY_BODY = YES;
				CLANG_WARN_ENUM_CONVERSION = YES;
				CLANG_WARN_INFINITE_RECURSION = YES;
				CLANG_WARN_INT_CONVERSION = YES;
				CLANG_WARN_NON_LITERAL_NULL_CONVERSION = YES;
				CLANG_WARN_OBJC_IMPLICIT_RETAIN_SELF = YES;
				CLANG_WARN_OBJC_LITERAL_CONVERSION = YES;
				CLANG_WARN_OBJC_ROOT_CLASS = YES_ERROR;
				CLANG_WARN_QUOTED_INCLUDE_IN_FRAMEWORK_HEADER = YES;
				CLANG_WARN_RANGE_LOOP_ANALYSIS = YES;
				CLANG_WARN_STRICT_PROTOTYPES = YES;
				CLANG_WARN_SUSPICIOUS_MOVE = YES;
				CLANG_WARN_UNGUARDED_AVAILABILITY = YES_AGGRESSIVE;
				CLANG_WARN_UNREACHABLE_CODE = YES;
				CLANG_WARN__DUPLICATE_METHOD_MATCH = YES;
				COPY_PHASE_STRIP = NO;
				DEBUG_INFORMATION_FORMAT = dwarf;
				ENABLE_STRICT_OBJC_MSGSEND = YES;
				ENABLE_TESTABILITY = YES;
				GCC_C_LANGUAGE_STANDARD = gnu11;
				GCC_DYNAMIC_NO_PIC = NO;
				GCC_NO_COMMON_BLOCKS = YES;
				GCC_OPTIMIZATION_LEVEL = 0;
				GCC_PREPROCESSOR_DEFINITIONS = (
					"DEBUG=1",
					"$(inherited)",
				);
				GCC_WARN_64_TO_32_BIT_CONVERSION = YES;
				GCC_WARN_ABOUT_RETURN_TYPE = YES_ERROR;
				GCC_WARN_UNDECLARED_SELECTOR = YES;
				GCC_WARN_UNINITIALIZED_AUTOS = YES_AGGRESSIVE;
				GCC_WARN_UNUSED_FUNCTION = YES;
				GCC_WARN_UNUSED_VARIABLE = YES;
				IPHONEOS_DEPLOYMENT_TARGET = 15.2;
				MTL_ENABLE_DEBUG_INFO = INCLUDE_SOURCE;
				MTL_FAST_MATH = YES;
				ONLY_ACTIVE_ARCH = YES;
				SDKROOT = iphoneos;
				SWIFT_ACTIVE_COMPILATION_CONDITIONS = DEBUG;
				SWIFT_OPTIMIZATION_LEVEL = "-Onone";
			};
			name = Debug;
		};
		551C492F24CC691A007C7C03 /* Release */ = {
			isa = XCBuildConfiguration;
			baseConfigurationReference = 55A2403027E90022001B9AC0 /* Release.xcconfig */;
			buildSettings = {
				ALWAYS_SEARCH_USER_PATHS = NO;
				CLANG_ANALYZER_NONNULL = YES;
				CLANG_ANALYZER_NUMBER_OBJECT_CONVERSION = YES_AGGRESSIVE;
				CLANG_CXX_LANGUAGE_STANDARD = "gnu++14";
				CLANG_CXX_LIBRARY = "libc++";
				CLANG_ENABLE_MODULES = YES;
				CLANG_ENABLE_OBJC_ARC = YES;
				CLANG_ENABLE_OBJC_WEAK = YES;
				CLANG_WARN_BLOCK_CAPTURE_AUTORELEASING = YES;
				CLANG_WARN_BOOL_CONVERSION = YES;
				CLANG_WARN_COMMA = YES;
				CLANG_WARN_CONSTANT_CONVERSION = YES;
				CLANG_WARN_DEPRECATED_OBJC_IMPLEMENTATIONS = YES;
				CLANG_WARN_DIRECT_OBJC_ISA_USAGE = YES_ERROR;
				CLANG_WARN_DOCUMENTATION_COMMENTS = YES;
				CLANG_WARN_EMPTY_BODY = YES;
				CLANG_WARN_ENUM_CONVERSION = YES;
				CLANG_WARN_INFINITE_RECURSION = YES;
				CLANG_WARN_INT_CONVERSION = YES;
				CLANG_WARN_NON_LITERAL_NULL_CONVERSION = YES;
				CLANG_WARN_OBJC_IMPLICIT_RETAIN_SELF = YES;
				CLANG_WARN_OBJC_LITERAL_CONVERSION = YES;
				CLANG_WARN_OBJC_ROOT_CLASS = YES_ERROR;
				CLANG_WARN_QUOTED_INCLUDE_IN_FRAMEWORK_HEADER = YES;
				CLANG_WARN_RANGE_LOOP_ANALYSIS = YES;
				CLANG_WARN_STRICT_PROTOTYPES = YES;
				CLANG_WARN_SUSPICIOUS_MOVE = YES;
				CLANG_WARN_UNGUARDED_AVAILABILITY = YES_AGGRESSIVE;
				CLANG_WARN_UNREACHABLE_CODE = YES;
				CLANG_WARN__DUPLICATE_METHOD_MATCH = YES;
				COPY_PHASE_STRIP = NO;
				DEBUG_INFORMATION_FORMAT = "dwarf-with-dsym";
				ENABLE_NS_ASSERTIONS = NO;
				ENABLE_STRICT_OBJC_MSGSEND = YES;
				GCC_C_LANGUAGE_STANDARD = gnu11;
				GCC_NO_COMMON_BLOCKS = YES;
				GCC_WARN_64_TO_32_BIT_CONVERSION = YES;
				GCC_WARN_ABOUT_RETURN_TYPE = YES_ERROR;
				GCC_WARN_UNDECLARED_SELECTOR = YES;
				GCC_WARN_UNINITIALIZED_AUTOS = YES_AGGRESSIVE;
				GCC_WARN_UNUSED_FUNCTION = YES;
				GCC_WARN_UNUSED_VARIABLE = YES;
				IPHONEOS_DEPLOYMENT_TARGET = 15.2;
				MTL_ENABLE_DEBUG_INFO = NO;
				MTL_FAST_MATH = YES;
				SDKROOT = iphoneos;
				SWIFT_COMPILATION_MODE = wholemodule;
				SWIFT_OPTIMIZATION_LEVEL = "-O";
				VALIDATE_PRODUCT = YES;
			};
			name = Release;
		};
		551C493124CC691A007C7C03 /* Debug */ = {
			isa = XCBuildConfiguration;
			baseConfigurationReference = 55A2402F27E8FF23001B9AC0 /* Debug.xcconfig */;
			buildSettings = {
				ALWAYS_EMBED_SWIFT_STANDARD_LIBRARIES = YES;
				ASSETCATALOG_COMPILER_APPICON_NAME = AppIcon;
				ASSETCATALOG_COMPILER_GLOBAL_ACCENT_COLOR_NAME = AccentColor;
				CODE_SIGN_STYLE = Automatic;
				DEVELOPMENT_ASSET_PATHS = "\"SwiftUI_Pull_to_Refresh/Preview Content\"";
				DEVELOPMENT_TEAM = NG36MJV4JP;
				ENABLE_PREVIEWS = YES;
				INFOPLIST_FILE = SwiftUI_Pull_to_Refresh/Info.plist;
				LD_RUNPATH_SEARCH_PATHS = (
					"$(inherited)",
					"@executable_path/Frameworks",
				);
				PRODUCT_BUNDLE_IDENTIFIER = "com.eppz.SwiftUI-Pull-to-Refresh";
				PRODUCT_NAME = "$(TARGET_NAME)";
				SWIFT_VERSION = 5.0;
			};
			name = Debug;
		};
		551C493224CC691A007C7C03 /* Release */ = {
			isa = XCBuildConfiguration;
			baseConfigurationReference = 55A2403027E90022001B9AC0 /* Release.xcconfig */;
			buildSettings = {
				ALWAYS_EMBED_SWIFT_STANDARD_LIBRARIES = YES;
				ASSETCATALOG_COMPILER_APPICON_NAME = AppIcon;
				ASSETCATALOG_COMPILER_GLOBAL_ACCENT_COLOR_NAME = AccentColor;
				CODE_SIGN_STYLE = Automatic;
				DEVELOPMENT_ASSET_PATHS = "\"SwiftUI_Pull_to_Refresh/Preview Content\"";
				DEVELOPMENT_TEAM = NG36MJV4JP;
				ENABLE_PREVIEWS = YES;
				INFOPLIST_FILE = SwiftUI_Pull_to_Refresh/Info.plist;
				LD_RUNPATH_SEARCH_PATHS = (
					"$(inherited)",
					"@executable_path/Frameworks",
				);
				PRODUCT_BUNDLE_IDENTIFIER = "com.eppz.SwiftUI-Pull-to-Refresh";
				PRODUCT_NAME = "$(TARGET_NAME)";
				SWIFT_VERSION = 5.0;
			};
			name = Release;
		};
		551C493724CC691A007C7C03 /* Debug */ = {
			isa = XCBuildConfiguration;
			baseConfigurationReference = 55A2402F27E8FF23001B9AC0 /* Debug.xcconfig */;
			buildSettings = {
				ALWAYS_EMBED_SWIFT_STANDARD_LIBRARIES = YES;
				CODE_SIGN_STYLE = Automatic;
				DEVELOPMENT_TEAM = NG36MJV4JP;
				INFOPLIST_FILE = SwiftUI_Pull_to_RefreshUITests/Info.plist;
				LD_RUNPATH_SEARCH_PATHS = (
					"$(inherited)",
					"@executable_path/Frameworks",
					"@loader_path/Frameworks",
				);
				PRODUCT_BUNDLE_IDENTIFIER = "com.eppz.SwiftUI-Pull-to-RefreshUITests";
				PRODUCT_NAME = "$(TARGET_NAME)";
				SWIFT_VERSION = 5.0;
				TARGETED_DEVICE_FAMILY = "1,2";
				TEST_TARGET_NAME = SwiftUI_Pull_to_Refresh;
			};
			name = Debug;
		};
		551C493824CC691A007C7C03 /* Release */ = {
			isa = XCBuildConfiguration;
			baseConfigurationReference = 55A2403027E90022001B9AC0 /* Release.xcconfig */;
			buildSettings = {
				ALWAYS_EMBED_SWIFT_STANDARD_LIBRARIES = YES;
				CODE_SIGN_STYLE = Automatic;
				DEVELOPMENT_TEAM = NG36MJV4JP;
				INFOPLIST_FILE = SwiftUI_Pull_to_RefreshUITests/Info.plist;
				LD_RUNPATH_SEARCH_PATHS = (
					"$(inherited)",
					"@executable_path/Frameworks",
					"@loader_path/Frameworks",
				);
				PRODUCT_BUNDLE_IDENTIFIER = "com.eppz.SwiftUI-Pull-to-RefreshUITests";
				PRODUCT_NAME = "$(TARGET_NAME)";
				SWIFT_VERSION = 5.0;
				TARGETED_DEVICE_FAMILY = "1,2";
				TEST_TARGET_NAME = SwiftUI_Pull_to_Refresh;
			};
			name = Release;
		};
		55A7E23B26F7DFCE0077936F /* Debug */ = {
			isa = XCBuildConfiguration;
			baseConfigurationReference = 55A2402F27E8FF23001B9AC0 /* Debug.xcconfig */;
			buildSettings = {
				CODE_SIGN_STYLE = Automatic;
				CURRENT_PROJECT_VERSION = 1;
				DEFINES_MODULE = YES;
				DEVELOPMENT_TEAM = NG36MJV4JP;
				DYLIB_COMPATIBILITY_VERSION = 1;
				DYLIB_CURRENT_VERSION = 1;
				DYLIB_INSTALL_NAME_BASE = "@rpath";
				INFOPLIST_FILE = AlphaVantage/Info.plist;
				INSTALL_PATH = "$(LOCAL_LIBRARY_DIR)/Frameworks";
				IPHONEOS_DEPLOYMENT_TARGET = 13.0;
				LD_RUNPATH_SEARCH_PATHS = (
					"$(inherited)",
					"@executable_path/Frameworks",
					"@loader_path/Frameworks",
				);
				PRODUCT_BUNDLE_IDENTIFIER = com.eppz.AlphaVantage;
				PRODUCT_NAME = "$(TARGET_NAME:c99extidentifier)";
				SKIP_INSTALL = YES;
				SWIFT_VERSION = 5.0;
				TARGETED_DEVICE_FAMILY = "1,2";
				VERSIONING_SYSTEM = "apple-generic";
				VERSION_INFO_PREFIX = "";
			};
			name = Debug;
		};
		55A7E23C26F7DFCE0077936F /* Release */ = {
			isa = XCBuildConfiguration;
			baseConfigurationReference = 55A2403027E90022001B9AC0 /* Release.xcconfig */;
			buildSettings = {
				CODE_SIGN_STYLE = Automatic;
				CURRENT_PROJECT_VERSION = 1;
				DEFINES_MODULE = YES;
				DEVELOPMENT_TEAM = NG36MJV4JP;
				DYLIB_COMPATIBILITY_VERSION = 1;
				DYLIB_CURRENT_VERSION = 1;
				DYLIB_INSTALL_NAME_BASE = "@rpath";
				INFOPLIST_FILE = AlphaVantage/Info.plist;
				INSTALL_PATH = "$(LOCAL_LIBRARY_DIR)/Frameworks";
				IPHONEOS_DEPLOYMENT_TARGET = 13.0;
				LD_RUNPATH_SEARCH_PATHS = (
					"$(inherited)",
					"@executable_path/Frameworks",
					"@loader_path/Frameworks",
				);
				PRODUCT_BUNDLE_IDENTIFIER = com.eppz.AlphaVantage;
				PRODUCT_NAME = "$(TARGET_NAME:c99extidentifier)";
				SKIP_INSTALL = YES;
				SWIFT_VERSION = 5.0;
				TARGETED_DEVICE_FAMILY = "1,2";
				VERSIONING_SYSTEM = "apple-generic";
				VERSION_INFO_PREFIX = "";
			};
			name = Release;
		};
		55A7E25226F7E1710077936F /* Debug */ = {
			isa = XCBuildConfiguration;
			baseConfigurationReference = 55A2402F27E8FF23001B9AC0 /* Debug.xcconfig */;
			buildSettings = {
				CLANG_ENABLE_MODULES = YES;
				CODE_SIGN_STYLE = Automatic;
				CURRENT_PROJECT_VERSION = 1;
				DEFINES_MODULE = YES;
				DEVELOPMENT_TEAM = NG36MJV4JP;
				DYLIB_COMPATIBILITY_VERSION = 1;
				DYLIB_CURRENT_VERSION = 1;
				DYLIB_INSTALL_NAME_BASE = "@rpath";
				INFOPLIST_FILE = OpenWeather/Info.plist;
				INSTALL_PATH = "$(LOCAL_LIBRARY_DIR)/Frameworks";
				IPHONEOS_DEPLOYMENT_TARGET = 13.0;
				LD_RUNPATH_SEARCH_PATHS = (
					"$(inherited)",
					"@executable_path/Frameworks",
					"@loader_path/Frameworks",
				);
				PRODUCT_BUNDLE_IDENTIFIER = com.eppz.OpenWeather;
				PRODUCT_NAME = "$(TARGET_NAME:c99extidentifier)";
				SKIP_INSTALL = YES;
				SWIFT_OPTIMIZATION_LEVEL = "-Onone";
				SWIFT_VERSION = 5.0;
				TARGETED_DEVICE_FAMILY = "1,2";
				VERSIONING_SYSTEM = "apple-generic";
				VERSION_INFO_PREFIX = "";
			};
			name = Debug;
		};
		55A7E25326F7E1710077936F /* Release */ = {
			isa = XCBuildConfiguration;
			baseConfigurationReference = 55A2403027E90022001B9AC0 /* Release.xcconfig */;
			buildSettings = {
				CLANG_ENABLE_MODULES = YES;
				CODE_SIGN_STYLE = Automatic;
				CURRENT_PROJECT_VERSION = 1;
				DEFINES_MODULE = YES;
				DEVELOPMENT_TEAM = NG36MJV4JP;
				DYLIB_COMPATIBILITY_VERSION = 1;
				DYLIB_CURRENT_VERSION = 1;
				DYLIB_INSTALL_NAME_BASE = "@rpath";
				INFOPLIST_FILE = OpenWeather/Info.plist;
				INSTALL_PATH = "$(LOCAL_LIBRARY_DIR)/Frameworks";
				IPHONEOS_DEPLOYMENT_TARGET = 13.0;
				LD_RUNPATH_SEARCH_PATHS = (
					"$(inherited)",
					"@executable_path/Frameworks",
					"@loader_path/Frameworks",
				);
				PRODUCT_BUNDLE_IDENTIFIER = com.eppz.OpenWeather;
				PRODUCT_NAME = "$(TARGET_NAME:c99extidentifier)";
				SKIP_INSTALL = YES;
				SWIFT_VERSION = 5.0;
				TARGETED_DEVICE_FAMILY = "1,2";
				VERSIONING_SYSTEM = "apple-generic";
				VERSION_INFO_PREFIX = "";
			};
			name = Release;
		};
/* End XCBuildConfiguration section */

/* Begin XCConfigurationList section */
		551C490124CC690D007C7C03 /* Build configuration list for PBXProject "SwiftUI_Pull_to_Refresh" */ = {
			isa = XCConfigurationList;
			buildConfigurations = (
				551C492E24CC691A007C7C03 /* Debug */,
				551C492F24CC691A007C7C03 /* Release */,
			);
			defaultConfigurationIsVisible = 0;
			defaultConfigurationName = Release;
		};
		551C493024CC691A007C7C03 /* Build configuration list for PBXNativeTarget "SwiftUI_Pull_to_Refresh" */ = {
			isa = XCConfigurationList;
			buildConfigurations = (
				551C493124CC691A007C7C03 /* Debug */,
				551C493224CC691A007C7C03 /* Release */,
			);
			defaultConfigurationIsVisible = 0;
			defaultConfigurationName = Release;
		};
		551C493624CC691A007C7C03 /* Build configuration list for PBXNativeTarget "SwiftUI_Pull_to_RefreshUITests" */ = {
			isa = XCConfigurationList;
			buildConfigurations = (
				551C493724CC691A007C7C03 /* Debug */,
				551C493824CC691A007C7C03 /* Release */,
			);
			defaultConfigurationIsVisible = 0;
			defaultConfigurationName = Release;
		};
		55A7E23D26F7DFCE0077936F /* Build configuration list for PBXNativeTarget "AlphaVantage" */ = {
			isa = XCConfigurationList;
			buildConfigurations = (
				55A7E23B26F7DFCE0077936F /* Debug */,
				55A7E23C26F7DFCE0077936F /* Release */,
			);
			defaultConfigurationIsVisible = 0;
			defaultConfigurationName = Release;
		};
		55A7E25126F7E1710077936F /* Build configuration list for PBXNativeTarget "OpenWeather" */ = {
			isa = XCConfigurationList;
			buildConfigurations = (
				55A7E25226F7E1710077936F /* Debug */,
				55A7E25326F7E1710077936F /* Release */,
			);
			defaultConfigurationIsVisible = 0;
			defaultConfigurationName = Release;
		};
/* End XCConfigurationList section */

/* Begin XCRemoteSwiftPackageReference section */
		55D6299927DD38B60043188D /* XCRemoteSwiftPackageReference "SwiftUI-Introspect" */ = {
			isa = XCRemoteSwiftPackageReference;
			repositoryURL = "https://github.com/siteline/SwiftUI-Introspect.git";
			requirement = {
				branch = master;
				kind = branch;
			};
		};
/* End XCRemoteSwiftPackageReference section */

/* Begin XCSwiftPackageProductDependency section */
		55D6299A27DD38B70043188D /* Introspect */ = {
			isa = XCSwiftPackageProductDependency;
			package = 55D6299927DD38B60043188D /* XCRemoteSwiftPackageReference "SwiftUI-Introspect" */;
			productName = Introspect;
		};
/* End XCSwiftPackageProductDependency section */
	};
	rootObject = 551C48FE24CC690D007C7C03 /* Project object */;
}
